<?xml version="1.0" encoding="utf-8"?>
<Project ToolsVersion="16.0" xmlns="http://schemas.microsoft.com/developer/msbuild/2003">
  <ItemGroup>
    <CustomBuild Include="D:\graph\assimpBuild\CMakeFiles\ba356bdc1f16627cb0fc1713d137ab0e\gtest-mkdir.rule">
      <Filter>CMake Rules</Filter>
    </CustomBuild>
    <CustomBuild Include="D:\graph\assimpBuild\CMakeFiles\ba356bdc1f16627cb0fc1713d137ab0e\gtest-download.rule">
      <Filter>CMake Rules</Filter>
    </CustomBuild>
    <CustomBuild Include="D:\graph\assimpBuild\CMakeFiles\ba356bdc1f16627cb0fc1713d137ab0e\gtest-update.rule">
      <Filter>CMake Rules</Filter>
    </CustomBuild>
    <CustomBuild Include="D:\graph\assimpBuild\CMakeFiles\ba356bdc1f16627cb0fc1713d137ab0e\gtest-patch.rule">
      <Filter>CMake Rules</Filter>
    </CustomBuild>
    <CustomBuild Include="D:\graph\assimpBuild\CMakeFiles\ba356bdc1f16627cb0fc1713d137ab0e\gtest-configure.rule">
      <Filter>CMake Rules</Filter>
    </CustomBuild>
    <CustomBuild Include="D:\graph\assimpBuild\CMakeFiles\ba356bdc1f16627cb0fc1713d137ab0e\gtest-build.rule">
      <Filter>CMake Rules</Filter>
    </CustomBuild>
    <CustomBuild Include="D:\graph\assimpBuild\CMakeFiles\ba356bdc1f16627cb0fc1713d137ab0e\gtest-install.rule">
      <Filter>CMake Rules</Filter>
    </CustomBuild>
    <CustomBuild Include="D:\graph\assimpBuild\CMakeFiles\0f7e5c4b1b0d8b92c8d33785363eab5a\gtest-complete.rule">
      <Filter>CMake Rules</Filter>
    </CustomBuild>
    <CustomBuild Include="D:\graph\assimpBuild\CMakeFiles\592626008d87c8834c79f43d4a0000d2\gtest.rule">
      <Filter>CMake Rules</Filter>
    </CustomBuild>
    <CustomBuild Include="D:\graph\assimp-3.3.1\test\CMakeLists.txt" />
  </ItemGroup>
  <ItemGroup>
    <None Include="D:\graph\assimpBuild\test\CMakeFiles\gtest" />
  </ItemGroup>
  <ItemGroup>
    <Filter Include="CMake Rules">
      <UniqueIdentifier>{5665EB7E-AE29-34CD-839F-AE581750B188}</UniqueIdentifier>
    </Filter>
  </ItemGroup>
</Project>
