
Microsoft Visual Studio Solution File, Format Version 12.00
# Visual Studio Version 16
Project("{8BC9CEB8-8B4A-11D0-8D11-00A0C91BC942}") = "ALL_BUILD", "ALL_BUILD.vcxproj", "{3D31333A-657F-312E-B83B-612BFBA000CF}"
	ProjectSection(ProjectDependencies) = postProject
		{E6DE1526-734A-39D9-AAEF-4DD4FDA2FD76} = {E6DE1526-734A-39D9-AAEF-4DD4FDA2FD76}
		{13D7503B-2BB7-368D-AF7D-40AD6E9AB710} = {13D7503B-2BB7-368D-AF7D-40AD6E9AB710}
		{AF73FAA8-4CDA-35B5-BC18-ECF15DE61AE2} = {AF73FAA8-4CDA-35B5-BC18-ECF15DE61AE2}
		{6413F1A9-B928-38CE-95C6-C3447E163035} = {6413F1A9-B928-38CE-95C6-C3447E163035}
		{E80C0759-AD70-3692-8AD7-717DADD8021D} = {E80C0759-AD70-3692-8AD7-717DADD8021D}
		{8373F9F6-27EF-3753-B4BF-A0F5E9A530A9} = {8373F9F6-27EF-3753-B4BF-A0F5E9A530A9}
	EndProjectSection
EndProject
Project("{8BC9CEB8-8B4A-11D0-8D11-00A0C91BC942}") = "INSTALL", "INSTALL.vcxproj", "{552EBFE4-96B8-3E5D-8C78-663427F881B7}"
	ProjectSection(ProjectDependencies) = postProject
		{3D31333A-657F-312E-B83B-612BFBA000CF} = {3D31333A-657F-312E-B83B-612BFBA000CF}
		{E6DE1526-734A-39D9-AAEF-4DD4FDA2FD76} = {E6DE1526-734A-39D9-AAEF-4DD4FDA2FD76}
	EndProjectSection
EndProject
Project("{8BC9CEB8-8B4A-11D0-8D11-00A0C91BC942}") = "UpdateAssimpLibsDebugSymbolsAndDLLs", "UpdateAssimpLibsDebugSymbolsAndDLLs.vcxproj", "{4A8AE21B-FDB0-3BC4-A8F1-817E9E085F46}"
	ProjectSection(ProjectDependencies) = postProject
		{E6DE1526-734A-39D9-AAEF-4DD4FDA2FD76} = {E6DE1526-734A-39D9-AAEF-4DD4FDA2FD76}
	EndProjectSection
EndProject
Project("{8BC9CEB8-8B4A-11D0-8D11-00A0C91BC942}") = "ZERO_CHECK", "ZERO_CHECK.vcxproj", "{E6DE1526-734A-39D9-AAEF-4DD4FDA2FD76}"
	ProjectSection(ProjectDependencies) = postProject
	EndProjectSection
EndProject
Project("{8BC9CEB8-8B4A-11D0-8D11-00A0C91BC942}") = "assimp", "code\assimp.vcxproj", "{13D7503B-2BB7-368D-AF7D-40AD6E9AB710}"
	ProjectSection(ProjectDependencies) = postProject
		{E6DE1526-734A-39D9-AAEF-4DD4FDA2FD76} = {E6DE1526-734A-39D9-AAEF-4DD4FDA2FD76}
		{8373F9F6-27EF-3753-B4BF-A0F5E9A530A9} = {8373F9F6-27EF-3753-B4BF-A0F5E9A530A9}
	EndProjectSection
EndProject
Project("{8BC9CEB8-8B4A-11D0-8D11-00A0C91BC942}") = "assimp_cmd", "tools\assimp_cmd\assimp_cmd.vcxproj", "{AF73FAA8-4CDA-35B5-BC18-ECF15DE61AE2}"
	ProjectSection(ProjectDependencies) = postProject
		{E6DE1526-734A-39D9-AAEF-4DD4FDA2FD76} = {E6DE1526-734A-39D9-AAEF-4DD4FDA2FD76}
		{13D7503B-2BB7-368D-AF7D-40AD6E9AB710} = {13D7503B-2BB7-368D-AF7D-40AD6E9AB710}
		{8373F9F6-27EF-3753-B4BF-A0F5E9A530A9} = {8373F9F6-27EF-3753-B4BF-A0F5E9A530A9}
	EndProjectSection
EndProject
Project("{8BC9CEB8-8B4A-11D0-8D11-00A0C91BC942}") = "gtest", "test\gtest.vcxproj", "{6413F1A9-B928-38CE-95C6-C3447E163035}"
	ProjectSection(ProjectDependencies) = postProject
		{E6DE1526-734A-39D9-AAEF-4DD4FDA2FD76} = {E6DE1526-734A-39D9-AAEF-4DD4FDA2FD76}
	EndProjectSection
EndProject
Project("{8BC9CEB8-8B4A-11D0-8D11-00A0C91BC942}") = "uninstall", "uninstall.vcxproj", "{0BBF14BF-7B99-3E0F-9A74-3CD694584B01}"
	ProjectSection(ProjectDependencies) = postProject
		{E6DE1526-734A-39D9-AAEF-4DD4FDA2FD76} = {E6DE1526-734A-39D9-AAEF-4DD4FDA2FD76}
	EndProjectSection
EndProject
Project("{8BC9CEB8-8B4A-11D0-8D11-00A0C91BC942}") = "unit", "test\unit.vcxproj", "{E80C0759-AD70-3692-8AD7-717DADD8021D}"
	ProjectSection(ProjectDependencies) = postProject
		{E6DE1526-734A-39D9-AAEF-4DD4FDA2FD76} = {E6DE1526-734A-39D9-AAEF-4DD4FDA2FD76}
		{13D7503B-2BB7-368D-AF7D-40AD6E9AB710} = {13D7503B-2BB7-368D-AF7D-40AD6E9AB710}
		{6413F1A9-B928-38CE-95C6-C3447E163035} = {6413F1A9-B928-38CE-95C6-C3447E163035}
		{8373F9F6-27EF-3753-B4BF-A0F5E9A530A9} = {8373F9F6-27EF-3753-B4BF-A0F5E9A530A9}
	EndProjectSection
EndProject
Project("{8BC9CEB8-8B4A-11D0-8D11-00A0C91BC942}") = "zlibstatic", "contrib\zlib\zlibstatic.vcxproj", "{8373F9F6-27EF-3753-B4BF-A0F5E9A530A9}"
	ProjectSection(ProjectDependencies) = postProject
		{E6DE1526-734A-39D9-AAEF-4DD4FDA2FD76} = {E6DE1526-734A-39D9-AAEF-4DD4FDA2FD76}
	EndProjectSection
EndProject
Global
	GlobalSection(SolutionConfigurationPlatforms) = preSolution
		Debug|x64 = Debug|x64
		Release|x64 = Release|x64
		MinSizeRel|x64 = MinSizeRel|x64
		RelWithDebInfo|x64 = RelWithDebInfo|x64
	EndGlobalSection
	GlobalSection(ProjectConfigurationPlatforms) = postSolution
		{3D31333A-657F-312E-B83B-612BFBA000CF}.Debug|x64.ActiveCfg = Debug|x64
		{3D31333A-657F-312E-B83B-612BFBA000CF}.Debug|x64.Build.0 = Debug|x64
		{3D31333A-657F-312E-B83B-612BFBA000CF}.Release|x64.ActiveCfg = Release|x64
		{3D31333A-657F-312E-B83B-612BFBA000CF}.Release|x64.Build.0 = Release|x64
		{3D31333A-657F-312E-B83B-612BFBA000CF}.MinSizeRel|x64.ActiveCfg = MinSizeRel|x64
		{3D31333A-657F-312E-B83B-612BFBA000CF}.MinSizeRel|x64.Build.0 = MinSizeRel|x64
		{3D31333A-657F-312E-B83B-612BFBA000CF}.RelWithDebInfo|x64.ActiveCfg = RelWithDebInfo|x64
		{3D31333A-657F-312E-B83B-612BFBA000CF}.RelWithDebInfo|x64.Build.0 = RelWithDebInfo|x64
		{552EBFE4-96B8-3E5D-8C78-663427F881B7}.Debug|x64.ActiveCfg = Debug|x64
		{552EBFE4-96B8-3E5D-8C78-663427F881B7}.Release|x64.ActiveCfg = Release|x64
		{552EBFE4-96B8-3E5D-8C78-663427F881B7}.MinSizeRel|x64.ActiveCfg = MinSizeRel|x64
		{552EBFE4-96B8-3E5D-8C78-663427F881B7}.RelWithDebInfo|x64.ActiveCfg = RelWithDebInfo|x64
		{4A8AE21B-FDB0-3BC4-A8F1-817E9E085F46}.Debug|x64.ActiveCfg = Debug|x64
		{4A8AE21B-FDB0-3BC4-A8F1-817E9E085F46}.Release|x64.ActiveCfg = Release|x64
		{4A8AE21B-FDB0-3BC4-A8F1-817E9E085F46}.MinSizeRel|x64.ActiveCfg = MinSizeRel|x64
		{4A8AE21B-FDB0-3BC4-A8F1-817E9E085F46}.RelWithDebInfo|x64.ActiveCfg = RelWithDebInfo|x64
		{E6DE1526-734A-39D9-AAEF-4DD4FDA2FD76}.Debug|x64.ActiveCfg = Debug|x64
		{E6DE1526-734A-39D9-AAEF-4DD4FDA2FD76}.Debug|x64.Build.0 = Debug|x64
		{E6DE1526-734A-39D9-AAEF-4DD4FDA2FD76}.Release|x64.ActiveCfg = Release|x64
		{E6DE1526-734A-39D9-AAEF-4DD4FDA2FD76}.Release|x64.Build.0 = Release|x64
		{E6DE1526-734A-39D9-AAEF-4DD4FDA2FD76}.MinSizeRel|x64.ActiveCfg = MinSizeRel|x64
		{E6DE1526-734A-39D9-AAEF-4DD4FDA2FD76}.MinSizeRel|x64.Build.0 = MinSizeRel|x64
		{E6DE1526-734A-39D9-AAEF-4DD4FDA2FD76}.RelWithDebInfo|x64.ActiveCfg = RelWithDebInfo|x64
		{E6DE1526-734A-39D9-AAEF-4DD4FDA2FD76}.RelWithDebInfo|x64.Build.0 = RelWithDebInfo|x64
		{13D7503B-2BB7-368D-AF7D-40AD6E9AB710}.Debug|x64.ActiveCfg = Debug|x64
		{13D7503B-2BB7-368D-AF7D-40AD6E9AB710}.Debug|x64.Build.0 = Debug|x64
		{13D7503B-2BB7-368D-AF7D-40AD6E9AB710}.Release|x64.ActiveCfg = Release|x64
		{13D7503B-2BB7-368D-AF7D-40AD6E9AB710}.Release|x64.Build.0 = Release|x64
		{13D7503B-2BB7-368D-AF7D-40AD6E9AB710}.MinSizeRel|x64.ActiveCfg = MinSizeRel|x64
		{13D7503B-2BB7-368D-AF7D-40AD6E9AB710}.MinSizeRel|x64.Build.0 = MinSizeRel|x64
		{13D7503B-2BB7-368D-AF7D-40AD6E9AB710}.RelWithDebInfo|x64.ActiveCfg = RelWithDebInfo|x64
		{13D7503B-2BB7-368D-AF7D-40AD6E9AB710}.RelWithDebInfo|x64.Build.0 = RelWithDebInfo|x64
		{AF73FAA8-4CDA-35B5-BC18-ECF15DE61AE2}.Debug|x64.ActiveCfg = Debug|x64
		{AF73FAA8-4CDA-35B5-BC18-ECF15DE61AE2}.Debug|x64.Build.0 = Debug|x64
		{AF73FAA8-4CDA-35B5-BC18-ECF15DE61AE2}.Release|x64.ActiveCfg = Release|x64
		{AF73FAA8-4CDA-35B5-BC18-ECF15DE61AE2}.Release|x64.Build.0 = Release|x64
		{AF73FAA8-4CDA-35B5-BC18-ECF15DE61AE2}.MinSizeRel|x64.ActiveCfg = MinSizeRel|x64
		{AF73FAA8-4CDA-35B5-BC18-ECF15DE61AE2}.MinSizeRel|x64.Build.0 = MinSizeRel|x64
		{AF73FAA8-4CDA-35B5-BC18-ECF15DE61AE2}.RelWithDebInfo|x64.ActiveCfg = RelWithDebInfo|x64
		{AF73FAA8-4CDA-35B5-BC18-ECF15DE61AE2}.RelWithDebInfo|x64.Build.0 = RelWithDebInfo|x64
		{6413F1A9-B928-38CE-95C6-C3447E163035}.Debug|x64.ActiveCfg = Debug|x64
		{6413F1A9-B928-38CE-95C6-C3447E163035}.Debug|x64.Build.0 = Debug|x64
		{6413F1A9-B928-38CE-95C6-C3447E163035}.Release|x64.ActiveCfg = Release|x64
		{6413F1A9-B928-38CE-95C6-C3447E163035}.Release|x64.Build.0 = Release|x64
		{6413F1A9-B928-38CE-95C6-C3447E163035}.MinSizeRel|x64.ActiveCfg = MinSizeRel|x64
		{6413F1A9-B928-38CE-95C6-C3447E163035}.MinSizeRel|x64.Build.0 = MinSizeRel|x64
		{6413F1A9-B928-38CE-95C6-C3447E163035}.RelWithDebInfo|x64.ActiveCfg = RelWithDebInfo|x64
		{6413F1A9-B928-38CE-95C6-C3447E163035}.RelWithDebInfo|x64.Build.0 = RelWithDebInfo|x64
		{0BBF14BF-7B99-3E0F-9A74-3CD694584B01}.Debug|x64.ActiveCfg = Debug|x64
		{0BBF14BF-7B99-3E0F-9A74-3CD694584B01}.Release|x64.ActiveCfg = Release|x64
		{0BBF14BF-7B99-3E0F-9A74-3CD694584B01}.MinSizeRel|x64.ActiveCfg = MinSizeRel|x64
		{0BBF14BF-7B99-3E0F-9A74-3CD694584B01}.RelWithDebInfo|x64.ActiveCfg = RelWithDebInfo|x64
		{E80C0759-AD70-3692-8AD7-717DADD8021D}.Debug|x64.ActiveCfg = Debug|x64
		{E80C0759-AD70-3692-8AD7-717DADD8021D}.Debug|x64.Build.0 = Debug|x64
		{E80C0759-AD70-3692-8AD7-717DADD8021D}.Release|x64.ActiveCfg = Release|x64
		{E80C0759-AD70-3692-8AD7-717DADD8021D}.Release|x64.Build.0 = Release|x64
		{E80C0759-AD70-3692-8AD7-717DADD8021D}.MinSizeRel|x64.ActiveCfg = MinSizeRel|x64
		{E80C0759-AD70-3692-8AD7-717DADD8021D}.MinSizeRel|x64.Build.0 = MinSizeRel|x64
		{E80C0759-AD70-3692-8AD7-717DADD8021D}.RelWithDebInfo|x64.ActiveCfg = RelWithDebInfo|x64
		{E80C0759-AD70-3692-8AD7-717DADD8021D}.RelWithDebInfo|x64.Build.0 = RelWithDebInfo|x64
		{8373F9F6-27EF-3753-B4BF-A0F5E9A530A9}.Debug|x64.ActiveCfg = Debug|x64
		{8373F9F6-27EF-3753-B4BF-A0F5E9A530A9}.Debug|x64.Build.0 = Debug|x64
		{8373F9F6-27EF-3753-B4BF-A0F5E9A530A9}.Release|x64.ActiveCfg = Release|x64
		{8373F9F6-27EF-3753-B4BF-A0F5E9A530A9}.Release|x64.Build.0 = Release|x64
		{8373F9F6-27EF-3753-B4BF-A0F5E9A530A9}.MinSizeRel|x64.ActiveCfg = MinSizeRel|x64
		{8373F9F6-27EF-3753-B4BF-A0F5E9A530A9}.MinSizeRel|x64.Build.0 = MinSizeRel|x64
		{8373F9F6-27EF-3753-B4BF-A0F5E9A530A9}.RelWithDebInfo|x64.ActiveCfg = RelWithDebInfo|x64
		{8373F9F6-27EF-3753-B4BF-A0F5E9A530A9}.RelWithDebInfo|x64.Build.0 = RelWithDebInfo|x64
	EndGlobalSection
	GlobalSection(ExtensibilityGlobals) = postSolution
		SolutionGuid = {83A9B0B4-B02D-31F9-B721-121620B19854}
	EndGlobalSection
	GlobalSection(ExtensibilityAddIns) = postSolution
	EndGlobalSection
EndGlobal
