<?xml version="1.0" encoding="utf-8"?>
<Project ToolsVersion="16.0" xmlns="http://schemas.microsoft.com/developer/msbuild/2003">
  <ItemGroup>
    <CustomBuild Include="D:\graph\release\CMakeFiles\a707c17327f9980c4027c6435eaa3a21\INSTALL_force.rule">
      <Filter>CMake Rules</Filter>
    </CustomBuild>
  </ItemGroup>
  <ItemGroup>
    <Filter Include="CMake Rules">
      <UniqueIdentifier>{2605737F-DF90-3973-A23A-763B314DA93A}</UniqueIdentifier>
    </Filter>
  </ItemGroup>
</Project>
