<?xml version="1.0" encoding="utf-8"?>
<Project ToolsVersion="16.0" xmlns="http://schemas.microsoft.com/developer/msbuild/2003">
  <ItemGroup>
    <CustomBuild Include="D:\graph\release\CMakeFiles\a707c17327f9980c4027c6435eaa3a21\update_mappings.rule">
      <Filter>CMake Rules</Filter>
    </CustomBuild>
    <CustomBuild Include="D:\graph\glfw-3.3.8\src\CMakeLists.txt" />
  </ItemGroup>
  <ItemGroup>
    <None Include="D:\graph\glfw-3.3.8\src\mappings.h.in">
      <Filter>Header Files</Filter>
    </None>
    <None Include="D:\graph\glfw-3.3.8\CMake\GenerateMappings.cmake" />
    <None Include="D:\graph\release\src\CMakeFiles\update_mappings" />
  </ItemGroup>
  <ItemGroup>
    <Filter Include="CMake Rules">
      <UniqueIdentifier>{2605737F-DF90-3973-A23A-763B314DA93A}</UniqueIdentifier>
    </Filter>
    <Filter Include="Header Files">
      <UniqueIdentifier>{F6A04D84-3318-3D68-94B3-C8F8B47B1226}</UniqueIdentifier>
    </Filter>
  </ItemGroup>
</Project>
