
Microsoft Visual Studio Solution File, Format Version 12.00
# Visual Studio Version 16
Project("{2150E333-8FDC-42A3-9474-1A3956D46DE8}") = "CMakePredefinedTargets", "CMakePredefinedTargets", "{C2A34043-BB28-3E3C-87A4-B8F143AAB608}"
EndProject
Project("{2150E333-8FDC-42A3-9474-1A3956D46DE8}") = "GLFW3", "GLFW3", "{26D9F5DD-15CC-35B4-B58A-E3B932494DBB}"
EndProject
Project("{2150E333-8FDC-42A3-9474-1A3956D46DE8}") = "Examples", "GLFW3\Examples", "{DD4BF866-9840-3B1C-96D1-85E6D6D824E4}"
EndProject
Project("{2150E333-8FDC-42A3-9474-1A3956D46DE8}") = "Tests", "GLFW3\Tests", "{33EFA18D-C9C4-37EF-A181-7A419F55B2B5}"
EndProject
Project("{8BC9CEB8-8B4A-11D0-8D11-00A0C91BC942}") = "ALL_BUILD", "ALL_BUILD.vcxproj", "{4CE254E5-1176-3929-9964-2EB112FC69AE}"
	ProjectSection(ProjectDependencies) = postProject
		{B2A695A7-CA0A-3580-8CAA-8A7CDCBCCA77} = {B2A695A7-CA0A-3580-8CAA-8A7CDCBCCA77}
		{9156A542-780B-3415-B364-7E27484FB8B7} = {9156A542-780B-3415-B364-7E27484FB8B7}
		{0C193E0C-7274-329B-AFAD-18CA15515E03} = {0C193E0C-7274-329B-AFAD-18CA15515E03}
		{52E53C56-A182-3E2F-B0B6-20FA17B498E4} = {52E53C56-A182-3E2F-B0B6-20FA17B498E4}
		{C79F00A6-54FA-3DE2-9792-2B4ECA5682A5} = {C79F00A6-54FA-3DE2-9792-2B4ECA5682A5}
		{58048B1D-3DB7-365C-99D0-9FF325A4304D} = {58048B1D-3DB7-365C-99D0-9FF325A4304D}
		{A8CC2951-CC12-3F32-B748-921E9C405AA4} = {A8CC2951-CC12-3F32-B748-921E9C405AA4}
		{4D80788D-EC72-38D8-ACD7-24F929BD0C31} = {4D80788D-EC72-38D8-ACD7-24F929BD0C31}
		{988D2244-73E5-3960-828F-0C2371ACC821} = {988D2244-73E5-3960-828F-0C2371ACC821}
		{99D25B94-9FAB-3977-BBBE-50016253DF50} = {99D25B94-9FAB-3977-BBBE-50016253DF50}
		{C1538834-425E-39F5-B5EB-6F00FAB347E5} = {C1538834-425E-39F5-B5EB-6F00FAB347E5}
		{35D0D2F5-774A-3362-B1A2-C565EA0C2CF3} = {35D0D2F5-774A-3362-B1A2-C565EA0C2CF3}
		{227A37BB-9CC6-3A9B-B15A-797529B4C6FE} = {227A37BB-9CC6-3A9B-B15A-797529B4C6FE}
		{F86BC7AE-324E-3CB0-894E-38E03D33D641} = {F86BC7AE-324E-3CB0-894E-38E03D33D641}
		{0DACA377-8CF0-3BDE-8DC6-2FC6935DADDD} = {0DACA377-8CF0-3BDE-8DC6-2FC6935DADDD}
		{2E83D41A-4BEF-392B-912D-C427B9CBECD2} = {2E83D41A-4BEF-392B-912D-C427B9CBECD2}
		{726BCF54-83B4-3C93-B968-6A6835826180} = {726BCF54-83B4-3C93-B968-6A6835826180}
		{57FB4CB2-9E7D-3B86-B242-E3D59379203A} = {57FB4CB2-9E7D-3B86-B242-E3D59379203A}
		{61388C4E-5949-376C-AF3E-9408F0EC3CD3} = {61388C4E-5949-376C-AF3E-9408F0EC3CD3}
		{0F7AA730-A134-392D-965D-308EEC8CB17A} = {0F7AA730-A134-392D-965D-308EEC8CB17A}
		{A642126E-08BD-3318-927C-4576F118E91F} = {A642126E-08BD-3318-927C-4576F118E91F}
		{F17EDB1E-6268-3B81-96F4-FA9BF8104E32} = {F17EDB1E-6268-3B81-96F4-FA9BF8104E32}
		{10982F35-7D82-3894-8596-054F33D44145} = {10982F35-7D82-3894-8596-054F33D44145}
		{EC0D6971-B661-33AF-9F8C-C178A4A63438} = {EC0D6971-B661-33AF-9F8C-C178A4A63438}
		{91D559DA-0149-3D5F-A154-D7C157D55CD0} = {91D559DA-0149-3D5F-A154-D7C157D55CD0}
		{908E653D-952C-3C6A-93AB-6A852968D229} = {908E653D-952C-3C6A-93AB-6A852968D229}
		{C86F876B-4C34-327F-8A6F-699385267889} = {C86F876B-4C34-327F-8A6F-699385267889}
		{199F825E-8C06-35C1-A98E-A4EC5DBBB0BC} = {199F825E-8C06-35C1-A98E-A4EC5DBBB0BC}
		{6FDCF306-9E8F-3A94-B88B-11B27A525D91} = {6FDCF306-9E8F-3A94-B88B-11B27A525D91}
		{F8AE9435-3298-30ED-BAE5-FC1466CC3989} = {F8AE9435-3298-30ED-BAE5-FC1466CC3989}
		{597A1D94-47B9-3795-BC9F-AC31CD34758C} = {597A1D94-47B9-3795-BC9F-AC31CD34758C}
	EndProjectSection
EndProject
Project("{8BC9CEB8-8B4A-11D0-8D11-00A0C91BC942}") = "INSTALL", "INSTALL.vcxproj", "{83263DBC-5E54-36FE-95CD-B6406D79E463}"
	ProjectSection(ProjectDependencies) = postProject
		{4CE254E5-1176-3929-9964-2EB112FC69AE} = {4CE254E5-1176-3929-9964-2EB112FC69AE}
		{B2A695A7-CA0A-3580-8CAA-8A7CDCBCCA77} = {B2A695A7-CA0A-3580-8CAA-8A7CDCBCCA77}
	EndProjectSection
EndProject
Project("{8BC9CEB8-8B4A-11D0-8D11-00A0C91BC942}") = "ZERO_CHECK", "ZERO_CHECK.vcxproj", "{B2A695A7-CA0A-3580-8CAA-8A7CDCBCCA77}"
	ProjectSection(ProjectDependencies) = postProject
	EndProjectSection
EndProject
Project("{8BC9CEB8-8B4A-11D0-8D11-00A0C91BC942}") = "boing", "examples\boing.vcxproj", "{9156A542-780B-3415-B364-7E27484FB8B7}"
	ProjectSection(ProjectDependencies) = postProject
		{B2A695A7-CA0A-3580-8CAA-8A7CDCBCCA77} = {B2A695A7-CA0A-3580-8CAA-8A7CDCBCCA77}
		{988D2244-73E5-3960-828F-0C2371ACC821} = {988D2244-73E5-3960-828F-0C2371ACC821}
	EndProjectSection
EndProject
Project("{8BC9CEB8-8B4A-11D0-8D11-00A0C91BC942}") = "clipboard", "tests\clipboard.vcxproj", "{0C193E0C-7274-329B-AFAD-18CA15515E03}"
	ProjectSection(ProjectDependencies) = postProject
		{B2A695A7-CA0A-3580-8CAA-8A7CDCBCCA77} = {B2A695A7-CA0A-3580-8CAA-8A7CDCBCCA77}
		{988D2244-73E5-3960-828F-0C2371ACC821} = {988D2244-73E5-3960-828F-0C2371ACC821}
	EndProjectSection
EndProject
Project("{8BC9CEB8-8B4A-11D0-8D11-00A0C91BC942}") = "cursor", "tests\cursor.vcxproj", "{52E53C56-A182-3E2F-B0B6-20FA17B498E4}"
	ProjectSection(ProjectDependencies) = postProject
		{B2A695A7-CA0A-3580-8CAA-8A7CDCBCCA77} = {B2A695A7-CA0A-3580-8CAA-8A7CDCBCCA77}
		{988D2244-73E5-3960-828F-0C2371ACC821} = {988D2244-73E5-3960-828F-0C2371ACC821}
	EndProjectSection
EndProject
Project("{8BC9CEB8-8B4A-11D0-8D11-00A0C91BC942}") = "empty", "tests\empty.vcxproj", "{C79F00A6-54FA-3DE2-9792-2B4ECA5682A5}"
	ProjectSection(ProjectDependencies) = postProject
		{B2A695A7-CA0A-3580-8CAA-8A7CDCBCCA77} = {B2A695A7-CA0A-3580-8CAA-8A7CDCBCCA77}
		{988D2244-73E5-3960-828F-0C2371ACC821} = {988D2244-73E5-3960-828F-0C2371ACC821}
	EndProjectSection
EndProject
Project("{8BC9CEB8-8B4A-11D0-8D11-00A0C91BC942}") = "events", "tests\events.vcxproj", "{58048B1D-3DB7-365C-99D0-9FF325A4304D}"
	ProjectSection(ProjectDependencies) = postProject
		{B2A695A7-CA0A-3580-8CAA-8A7CDCBCCA77} = {B2A695A7-CA0A-3580-8CAA-8A7CDCBCCA77}
		{988D2244-73E5-3960-828F-0C2371ACC821} = {988D2244-73E5-3960-828F-0C2371ACC821}
	EndProjectSection
EndProject
Project("{8BC9CEB8-8B4A-11D0-8D11-00A0C91BC942}") = "gamma", "tests\gamma.vcxproj", "{A8CC2951-CC12-3F32-B748-921E9C405AA4}"
	ProjectSection(ProjectDependencies) = postProject
		{B2A695A7-CA0A-3580-8CAA-8A7CDCBCCA77} = {B2A695A7-CA0A-3580-8CAA-8A7CDCBCCA77}
		{988D2244-73E5-3960-828F-0C2371ACC821} = {988D2244-73E5-3960-828F-0C2371ACC821}
	EndProjectSection
EndProject
Project("{8BC9CEB8-8B4A-11D0-8D11-00A0C91BC942}") = "gears", "examples\gears.vcxproj", "{4D80788D-EC72-38D8-ACD7-24F929BD0C31}"
	ProjectSection(ProjectDependencies) = postProject
		{B2A695A7-CA0A-3580-8CAA-8A7CDCBCCA77} = {B2A695A7-CA0A-3580-8CAA-8A7CDCBCCA77}
		{988D2244-73E5-3960-828F-0C2371ACC821} = {988D2244-73E5-3960-828F-0C2371ACC821}
	EndProjectSection
EndProject
Project("{8BC9CEB8-8B4A-11D0-8D11-00A0C91BC942}") = "glfw", "src\glfw.vcxproj", "{988D2244-73E5-3960-828F-0C2371ACC821}"
	ProjectSection(ProjectDependencies) = postProject
		{B2A695A7-CA0A-3580-8CAA-8A7CDCBCCA77} = {B2A695A7-CA0A-3580-8CAA-8A7CDCBCCA77}
	EndProjectSection
EndProject
Project("{8BC9CEB8-8B4A-11D0-8D11-00A0C91BC942}") = "glfwinfo", "tests\glfwinfo.vcxproj", "{99D25B94-9FAB-3977-BBBE-50016253DF50}"
	ProjectSection(ProjectDependencies) = postProject
		{B2A695A7-CA0A-3580-8CAA-8A7CDCBCCA77} = {B2A695A7-CA0A-3580-8CAA-8A7CDCBCCA77}
		{988D2244-73E5-3960-828F-0C2371ACC821} = {988D2244-73E5-3960-828F-0C2371ACC821}
	EndProjectSection
EndProject
Project("{8BC9CEB8-8B4A-11D0-8D11-00A0C91BC942}") = "heightmap", "examples\heightmap.vcxproj", "{C1538834-425E-39F5-B5EB-6F00FAB347E5}"
	ProjectSection(ProjectDependencies) = postProject
		{B2A695A7-CA0A-3580-8CAA-8A7CDCBCCA77} = {B2A695A7-CA0A-3580-8CAA-8A7CDCBCCA77}
		{988D2244-73E5-3960-828F-0C2371ACC821} = {988D2244-73E5-3960-828F-0C2371ACC821}
	EndProjectSection
EndProject
Project("{8BC9CEB8-8B4A-11D0-8D11-00A0C91BC942}") = "icon", "tests\icon.vcxproj", "{35D0D2F5-774A-3362-B1A2-C565EA0C2CF3}"
	ProjectSection(ProjectDependencies) = postProject
		{B2A695A7-CA0A-3580-8CAA-8A7CDCBCCA77} = {B2A695A7-CA0A-3580-8CAA-8A7CDCBCCA77}
		{988D2244-73E5-3960-828F-0C2371ACC821} = {988D2244-73E5-3960-828F-0C2371ACC821}
	EndProjectSection
EndProject
Project("{8BC9CEB8-8B4A-11D0-8D11-00A0C91BC942}") = "iconify", "tests\iconify.vcxproj", "{227A37BB-9CC6-3A9B-B15A-797529B4C6FE}"
	ProjectSection(ProjectDependencies) = postProject
		{B2A695A7-CA0A-3580-8CAA-8A7CDCBCCA77} = {B2A695A7-CA0A-3580-8CAA-8A7CDCBCCA77}
		{988D2244-73E5-3960-828F-0C2371ACC821} = {988D2244-73E5-3960-828F-0C2371ACC821}
	EndProjectSection
EndProject
Project("{8BC9CEB8-8B4A-11D0-8D11-00A0C91BC942}") = "inputlag", "tests\inputlag.vcxproj", "{F86BC7AE-324E-3CB0-894E-38E03D33D641}"
	ProjectSection(ProjectDependencies) = postProject
		{B2A695A7-CA0A-3580-8CAA-8A7CDCBCCA77} = {B2A695A7-CA0A-3580-8CAA-8A7CDCBCCA77}
		{988D2244-73E5-3960-828F-0C2371ACC821} = {988D2244-73E5-3960-828F-0C2371ACC821}
	EndProjectSection
EndProject
Project("{8BC9CEB8-8B4A-11D0-8D11-00A0C91BC942}") = "joysticks", "tests\joysticks.vcxproj", "{0DACA377-8CF0-3BDE-8DC6-2FC6935DADDD}"
	ProjectSection(ProjectDependencies) = postProject
		{B2A695A7-CA0A-3580-8CAA-8A7CDCBCCA77} = {B2A695A7-CA0A-3580-8CAA-8A7CDCBCCA77}
		{988D2244-73E5-3960-828F-0C2371ACC821} = {988D2244-73E5-3960-828F-0C2371ACC821}
	EndProjectSection
EndProject
Project("{8BC9CEB8-8B4A-11D0-8D11-00A0C91BC942}") = "monitors", "tests\monitors.vcxproj", "{2E83D41A-4BEF-392B-912D-C427B9CBECD2}"
	ProjectSection(ProjectDependencies) = postProject
		{B2A695A7-CA0A-3580-8CAA-8A7CDCBCCA77} = {B2A695A7-CA0A-3580-8CAA-8A7CDCBCCA77}
		{988D2244-73E5-3960-828F-0C2371ACC821} = {988D2244-73E5-3960-828F-0C2371ACC821}
	EndProjectSection
EndProject
Project("{8BC9CEB8-8B4A-11D0-8D11-00A0C91BC942}") = "msaa", "tests\msaa.vcxproj", "{726BCF54-83B4-3C93-B968-6A6835826180}"
	ProjectSection(ProjectDependencies) = postProject
		{B2A695A7-CA0A-3580-8CAA-8A7CDCBCCA77} = {B2A695A7-CA0A-3580-8CAA-8A7CDCBCCA77}
		{988D2244-73E5-3960-828F-0C2371ACC821} = {988D2244-73E5-3960-828F-0C2371ACC821}
	EndProjectSection
EndProject
Project("{8BC9CEB8-8B4A-11D0-8D11-00A0C91BC942}") = "offscreen", "examples\offscreen.vcxproj", "{57FB4CB2-9E7D-3B86-B242-E3D59379203A}"
	ProjectSection(ProjectDependencies) = postProject
		{B2A695A7-CA0A-3580-8CAA-8A7CDCBCCA77} = {B2A695A7-CA0A-3580-8CAA-8A7CDCBCCA77}
		{988D2244-73E5-3960-828F-0C2371ACC821} = {988D2244-73E5-3960-828F-0C2371ACC821}
	EndProjectSection
EndProject
Project("{8BC9CEB8-8B4A-11D0-8D11-00A0C91BC942}") = "opacity", "tests\opacity.vcxproj", "{61388C4E-5949-376C-AF3E-9408F0EC3CD3}"
	ProjectSection(ProjectDependencies) = postProject
		{B2A695A7-CA0A-3580-8CAA-8A7CDCBCCA77} = {B2A695A7-CA0A-3580-8CAA-8A7CDCBCCA77}
		{988D2244-73E5-3960-828F-0C2371ACC821} = {988D2244-73E5-3960-828F-0C2371ACC821}
	EndProjectSection
EndProject
Project("{8BC9CEB8-8B4A-11D0-8D11-00A0C91BC942}") = "particles", "examples\particles.vcxproj", "{0F7AA730-A134-392D-965D-308EEC8CB17A}"
	ProjectSection(ProjectDependencies) = postProject
		{B2A695A7-CA0A-3580-8CAA-8A7CDCBCCA77} = {B2A695A7-CA0A-3580-8CAA-8A7CDCBCCA77}
		{988D2244-73E5-3960-828F-0C2371ACC821} = {988D2244-73E5-3960-828F-0C2371ACC821}
	EndProjectSection
EndProject
Project("{8BC9CEB8-8B4A-11D0-8D11-00A0C91BC942}") = "reopen", "tests\reopen.vcxproj", "{A642126E-08BD-3318-927C-4576F118E91F}"
	ProjectSection(ProjectDependencies) = postProject
		{B2A695A7-CA0A-3580-8CAA-8A7CDCBCCA77} = {B2A695A7-CA0A-3580-8CAA-8A7CDCBCCA77}
		{988D2244-73E5-3960-828F-0C2371ACC821} = {988D2244-73E5-3960-828F-0C2371ACC821}
	EndProjectSection
EndProject
Project("{8BC9CEB8-8B4A-11D0-8D11-00A0C91BC942}") = "sharing", "examples\sharing.vcxproj", "{F17EDB1E-6268-3B81-96F4-FA9BF8104E32}"
	ProjectSection(ProjectDependencies) = postProject
		{B2A695A7-CA0A-3580-8CAA-8A7CDCBCCA77} = {B2A695A7-CA0A-3580-8CAA-8A7CDCBCCA77}
		{988D2244-73E5-3960-828F-0C2371ACC821} = {988D2244-73E5-3960-828F-0C2371ACC821}
	EndProjectSection
EndProject
Project("{8BC9CEB8-8B4A-11D0-8D11-00A0C91BC942}") = "simple", "examples\simple.vcxproj", "{10982F35-7D82-3894-8596-054F33D44145}"
	ProjectSection(ProjectDependencies) = postProject
		{B2A695A7-CA0A-3580-8CAA-8A7CDCBCCA77} = {B2A695A7-CA0A-3580-8CAA-8A7CDCBCCA77}
		{988D2244-73E5-3960-828F-0C2371ACC821} = {988D2244-73E5-3960-828F-0C2371ACC821}
	EndProjectSection
EndProject
Project("{8BC9CEB8-8B4A-11D0-8D11-00A0C91BC942}") = "splitview", "examples\splitview.vcxproj", "{EC0D6971-B661-33AF-9F8C-C178A4A63438}"
	ProjectSection(ProjectDependencies) = postProject
		{B2A695A7-CA0A-3580-8CAA-8A7CDCBCCA77} = {B2A695A7-CA0A-3580-8CAA-8A7CDCBCCA77}
		{988D2244-73E5-3960-828F-0C2371ACC821} = {988D2244-73E5-3960-828F-0C2371ACC821}
	EndProjectSection
EndProject
Project("{8BC9CEB8-8B4A-11D0-8D11-00A0C91BC942}") = "tearing", "tests\tearing.vcxproj", "{91D559DA-0149-3D5F-A154-D7C157D55CD0}"
	ProjectSection(ProjectDependencies) = postProject
		{B2A695A7-CA0A-3580-8CAA-8A7CDCBCCA77} = {B2A695A7-CA0A-3580-8CAA-8A7CDCBCCA77}
		{988D2244-73E5-3960-828F-0C2371ACC821} = {988D2244-73E5-3960-828F-0C2371ACC821}
	EndProjectSection
EndProject
Project("{8BC9CEB8-8B4A-11D0-8D11-00A0C91BC942}") = "threads", "tests\threads.vcxproj", "{908E653D-952C-3C6A-93AB-6A852968D229}"
	ProjectSection(ProjectDependencies) = postProject
		{B2A695A7-CA0A-3580-8CAA-8A7CDCBCCA77} = {B2A695A7-CA0A-3580-8CAA-8A7CDCBCCA77}
		{988D2244-73E5-3960-828F-0C2371ACC821} = {988D2244-73E5-3960-828F-0C2371ACC821}
	EndProjectSection
EndProject
Project("{8BC9CEB8-8B4A-11D0-8D11-00A0C91BC942}") = "timeout", "tests\timeout.vcxproj", "{C86F876B-4C34-327F-8A6F-699385267889}"
	ProjectSection(ProjectDependencies) = postProject
		{B2A695A7-CA0A-3580-8CAA-8A7CDCBCCA77} = {B2A695A7-CA0A-3580-8CAA-8A7CDCBCCA77}
		{988D2244-73E5-3960-828F-0C2371ACC821} = {988D2244-73E5-3960-828F-0C2371ACC821}
	EndProjectSection
EndProject
Project("{8BC9CEB8-8B4A-11D0-8D11-00A0C91BC942}") = "title", "tests\title.vcxproj", "{199F825E-8C06-35C1-A98E-A4EC5DBBB0BC}"
	ProjectSection(ProjectDependencies) = postProject
		{B2A695A7-CA0A-3580-8CAA-8A7CDCBCCA77} = {B2A695A7-CA0A-3580-8CAA-8A7CDCBCCA77}
		{988D2244-73E5-3960-828F-0C2371ACC821} = {988D2244-73E5-3960-828F-0C2371ACC821}
	EndProjectSection
EndProject
Project("{8BC9CEB8-8B4A-11D0-8D11-00A0C91BC942}") = "triangle-vulkan", "tests\triangle-vulkan.vcxproj", "{6FDCF306-9E8F-3A94-B88B-11B27A525D91}"
	ProjectSection(ProjectDependencies) = postProject
		{B2A695A7-CA0A-3580-8CAA-8A7CDCBCCA77} = {B2A695A7-CA0A-3580-8CAA-8A7CDCBCCA77}
		{988D2244-73E5-3960-828F-0C2371ACC821} = {988D2244-73E5-3960-828F-0C2371ACC821}
	EndProjectSection
EndProject
Project("{8BC9CEB8-8B4A-11D0-8D11-00A0C91BC942}") = "uninstall", "uninstall.vcxproj", "{1873A12C-2891-3DC9-92CA-2684B86BCA27}"
	ProjectSection(ProjectDependencies) = postProject
		{B2A695A7-CA0A-3580-8CAA-8A7CDCBCCA77} = {B2A695A7-CA0A-3580-8CAA-8A7CDCBCCA77}
	EndProjectSection
EndProject
Project("{8BC9CEB8-8B4A-11D0-8D11-00A0C91BC942}") = "update_mappings", "src\update_mappings.vcxproj", "{F1BC5F4D-2CFB-3851-A945-5EAC43C2E8CD}"
	ProjectSection(ProjectDependencies) = postProject
		{B2A695A7-CA0A-3580-8CAA-8A7CDCBCCA77} = {B2A695A7-CA0A-3580-8CAA-8A7CDCBCCA77}
	EndProjectSection
EndProject
Project("{8BC9CEB8-8B4A-11D0-8D11-00A0C91BC942}") = "wave", "examples\wave.vcxproj", "{F8AE9435-3298-30ED-BAE5-FC1466CC3989}"
	ProjectSection(ProjectDependencies) = postProject
		{B2A695A7-CA0A-3580-8CAA-8A7CDCBCCA77} = {B2A695A7-CA0A-3580-8CAA-8A7CDCBCCA77}
		{988D2244-73E5-3960-828F-0C2371ACC821} = {988D2244-73E5-3960-828F-0C2371ACC821}
	EndProjectSection
EndProject
Project("{8BC9CEB8-8B4A-11D0-8D11-00A0C91BC942}") = "windows", "tests\windows.vcxproj", "{597A1D94-47B9-3795-BC9F-AC31CD34758C}"
	ProjectSection(ProjectDependencies) = postProject
		{B2A695A7-CA0A-3580-8CAA-8A7CDCBCCA77} = {B2A695A7-CA0A-3580-8CAA-8A7CDCBCCA77}
		{988D2244-73E5-3960-828F-0C2371ACC821} = {988D2244-73E5-3960-828F-0C2371ACC821}
	EndProjectSection
EndProject
Global
	GlobalSection(SolutionConfigurationPlatforms) = preSolution
		Debug|x64 = Debug|x64
		Release|x64 = Release|x64
		MinSizeRel|x64 = MinSizeRel|x64
		RelWithDebInfo|x64 = RelWithDebInfo|x64
	EndGlobalSection
	GlobalSection(ProjectConfigurationPlatforms) = postSolution
		{4CE254E5-1176-3929-9964-2EB112FC69AE}.Debug|x64.ActiveCfg = Debug|x64
		{4CE254E5-1176-3929-9964-2EB112FC69AE}.Debug|x64.Build.0 = Debug|x64
		{4CE254E5-1176-3929-9964-2EB112FC69AE}.Release|x64.ActiveCfg = Release|x64
		{4CE254E5-1176-3929-9964-2EB112FC69AE}.Release|x64.Build.0 = Release|x64
		{4CE254E5-1176-3929-9964-2EB112FC69AE}.MinSizeRel|x64.ActiveCfg = MinSizeRel|x64
		{4CE254E5-1176-3929-9964-2EB112FC69AE}.MinSizeRel|x64.Build.0 = MinSizeRel|x64
		{4CE254E5-1176-3929-9964-2EB112FC69AE}.RelWithDebInfo|x64.ActiveCfg = RelWithDebInfo|x64
		{4CE254E5-1176-3929-9964-2EB112FC69AE}.RelWithDebInfo|x64.Build.0 = RelWithDebInfo|x64
		{83263DBC-5E54-36FE-95CD-B6406D79E463}.Debug|x64.ActiveCfg = Debug|x64
		{83263DBC-5E54-36FE-95CD-B6406D79E463}.Release|x64.ActiveCfg = Release|x64
		{83263DBC-5E54-36FE-95CD-B6406D79E463}.MinSizeRel|x64.ActiveCfg = MinSizeRel|x64
		{83263DBC-5E54-36FE-95CD-B6406D79E463}.RelWithDebInfo|x64.ActiveCfg = RelWithDebInfo|x64
		{B2A695A7-CA0A-3580-8CAA-8A7CDCBCCA77}.Debug|x64.ActiveCfg = Debug|x64
		{B2A695A7-CA0A-3580-8CAA-8A7CDCBCCA77}.Debug|x64.Build.0 = Debug|x64
		{B2A695A7-CA0A-3580-8CAA-8A7CDCBCCA77}.Release|x64.ActiveCfg = Release|x64
		{B2A695A7-CA0A-3580-8CAA-8A7CDCBCCA77}.Release|x64.Build.0 = Release|x64
		{B2A695A7-CA0A-3580-8CAA-8A7CDCBCCA77}.MinSizeRel|x64.ActiveCfg = MinSizeRel|x64
		{B2A695A7-CA0A-3580-8CAA-8A7CDCBCCA77}.MinSizeRel|x64.Build.0 = MinSizeRel|x64
		{B2A695A7-CA0A-3580-8CAA-8A7CDCBCCA77}.RelWithDebInfo|x64.ActiveCfg = RelWithDebInfo|x64
		{B2A695A7-CA0A-3580-8CAA-8A7CDCBCCA77}.RelWithDebInfo|x64.Build.0 = RelWithDebInfo|x64
		{9156A542-780B-3415-B364-7E27484FB8B7}.Debug|x64.ActiveCfg = Debug|x64
		{9156A542-780B-3415-B364-7E27484FB8B7}.Debug|x64.Build.0 = Debug|x64
		{9156A542-780B-3415-B364-7E27484FB8B7}.Release|x64.ActiveCfg = Release|x64
		{9156A542-780B-3415-B364-7E27484FB8B7}.Release|x64.Build.0 = Release|x64
		{9156A542-780B-3415-B364-7E27484FB8B7}.MinSizeRel|x64.ActiveCfg = MinSizeRel|x64
		{9156A542-780B-3415-B364-7E27484FB8B7}.MinSizeRel|x64.Build.0 = MinSizeRel|x64
		{9156A542-780B-3415-B364-7E27484FB8B7}.RelWithDebInfo|x64.ActiveCfg = RelWithDebInfo|x64
		{9156A542-780B-3415-B364-7E27484FB8B7}.RelWithDebInfo|x64.Build.0 = RelWithDebInfo|x64
		{0C193E0C-7274-329B-AFAD-18CA15515E03}.Debug|x64.ActiveCfg = Debug|x64
		{0C193E0C-7274-329B-AFAD-18CA15515E03}.Debug|x64.Build.0 = Debug|x64
		{0C193E0C-7274-329B-AFAD-18CA15515E03}.Release|x64.ActiveCfg = Release|x64
		{0C193E0C-7274-329B-AFAD-18CA15515E03}.Release|x64.Build.0 = Release|x64
		{0C193E0C-7274-329B-AFAD-18CA15515E03}.MinSizeRel|x64.ActiveCfg = MinSizeRel|x64
		{0C193E0C-7274-329B-AFAD-18CA15515E03}.MinSizeRel|x64.Build.0 = MinSizeRel|x64
		{0C193E0C-7274-329B-AFAD-18CA15515E03}.RelWithDebInfo|x64.ActiveCfg = RelWithDebInfo|x64
		{0C193E0C-7274-329B-AFAD-18CA15515E03}.RelWithDebInfo|x64.Build.0 = RelWithDebInfo|x64
		{52E53C56-A182-3E2F-B0B6-20FA17B498E4}.Debug|x64.ActiveCfg = Debug|x64
		{52E53C56-A182-3E2F-B0B6-20FA17B498E4}.Debug|x64.Build.0 = Debug|x64
		{52E53C56-A182-3E2F-B0B6-20FA17B498E4}.Release|x64.ActiveCfg = Release|x64
		{52E53C56-A182-3E2F-B0B6-20FA17B498E4}.Release|x64.Build.0 = Release|x64
		{52E53C56-A182-3E2F-B0B6-20FA17B498E4}.MinSizeRel|x64.ActiveCfg = MinSizeRel|x64
		{52E53C56-A182-3E2F-B0B6-20FA17B498E4}.MinSizeRel|x64.Build.0 = MinSizeRel|x64
		{52E53C56-A182-3E2F-B0B6-20FA17B498E4}.RelWithDebInfo|x64.ActiveCfg = RelWithDebInfo|x64
		{52E53C56-A182-3E2F-B0B6-20FA17B498E4}.RelWithDebInfo|x64.Build.0 = RelWithDebInfo|x64
		{C79F00A6-54FA-3DE2-9792-2B4ECA5682A5}.Debug|x64.ActiveCfg = Debug|x64
		{C79F00A6-54FA-3DE2-9792-2B4ECA5682A5}.Debug|x64.Build.0 = Debug|x64
		{C79F00A6-54FA-3DE2-9792-2B4ECA5682A5}.Release|x64.ActiveCfg = Release|x64
		{C79F00A6-54FA-3DE2-9792-2B4ECA5682A5}.Release|x64.Build.0 = Release|x64
		{C79F00A6-54FA-3DE2-9792-2B4ECA5682A5}.MinSizeRel|x64.ActiveCfg = MinSizeRel|x64
		{C79F00A6-54FA-3DE2-9792-2B4ECA5682A5}.MinSizeRel|x64.Build.0 = MinSizeRel|x64
		{C79F00A6-54FA-3DE2-9792-2B4ECA5682A5}.RelWithDebInfo|x64.ActiveCfg = RelWithDebInfo|x64
		{C79F00A6-54FA-3DE2-9792-2B4ECA5682A5}.RelWithDebInfo|x64.Build.0 = RelWithDebInfo|x64
		{58048B1D-3DB7-365C-99D0-9FF325A4304D}.Debug|x64.ActiveCfg = Debug|x64
		{58048B1D-3DB7-365C-99D0-9FF325A4304D}.Debug|x64.Build.0 = Debug|x64
		{58048B1D-3DB7-365C-99D0-9FF325A4304D}.Release|x64.ActiveCfg = Release|x64
		{58048B1D-3DB7-365C-99D0-9FF325A4304D}.Release|x64.Build.0 = Release|x64
		{58048B1D-3DB7-365C-99D0-9FF325A4304D}.MinSizeRel|x64.ActiveCfg = MinSizeRel|x64
		{58048B1D-3DB7-365C-99D0-9FF325A4304D}.MinSizeRel|x64.Build.0 = MinSizeRel|x64
		{58048B1D-3DB7-365C-99D0-9FF325A4304D}.RelWithDebInfo|x64.ActiveCfg = RelWithDebInfo|x64
		{58048B1D-3DB7-365C-99D0-9FF325A4304D}.RelWithDebInfo|x64.Build.0 = RelWithDebInfo|x64
		{A8CC2951-CC12-3F32-B748-921E9C405AA4}.Debug|x64.ActiveCfg = Debug|x64
		{A8CC2951-CC12-3F32-B748-921E9C405AA4}.Debug|x64.Build.0 = Debug|x64
		{A8CC2951-CC12-3F32-B748-921E9C405AA4}.Release|x64.ActiveCfg = Release|x64
		{A8CC2951-CC12-3F32-B748-921E9C405AA4}.Release|x64.Build.0 = Release|x64
		{A8CC2951-CC12-3F32-B748-921E9C405AA4}.MinSizeRel|x64.ActiveCfg = MinSizeRel|x64
		{A8CC2951-CC12-3F32-B748-921E9C405AA4}.MinSizeRel|x64.Build.0 = MinSizeRel|x64
		{A8CC2951-CC12-3F32-B748-921E9C405AA4}.RelWithDebInfo|x64.ActiveCfg = RelWithDebInfo|x64
		{A8CC2951-CC12-3F32-B748-921E9C405AA4}.RelWithDebInfo|x64.Build.0 = RelWithDebInfo|x64
		{4D80788D-EC72-38D8-ACD7-24F929BD0C31}.Debug|x64.ActiveCfg = Debug|x64
		{4D80788D-EC72-38D8-ACD7-24F929BD0C31}.Debug|x64.Build.0 = Debug|x64
		{4D80788D-EC72-38D8-ACD7-24F929BD0C31}.Release|x64.ActiveCfg = Release|x64
		{4D80788D-EC72-38D8-ACD7-24F929BD0C31}.Release|x64.Build.0 = Release|x64
		{4D80788D-EC72-38D8-ACD7-24F929BD0C31}.MinSizeRel|x64.ActiveCfg = MinSizeRel|x64
		{4D80788D-EC72-38D8-ACD7-24F929BD0C31}.MinSizeRel|x64.Build.0 = MinSizeRel|x64
		{4D80788D-EC72-38D8-ACD7-24F929BD0C31}.RelWithDebInfo|x64.ActiveCfg = RelWithDebInfo|x64
		{4D80788D-EC72-38D8-ACD7-24F929BD0C31}.RelWithDebInfo|x64.Build.0 = RelWithDebInfo|x64
		{988D2244-73E5-3960-828F-0C2371ACC821}.Debug|x64.ActiveCfg = Debug|x64
		{988D2244-73E5-3960-828F-0C2371ACC821}.Debug|x64.Build.0 = Debug|x64
		{988D2244-73E5-3960-828F-0C2371ACC821}.Release|x64.ActiveCfg = Release|x64
		{988D2244-73E5-3960-828F-0C2371ACC821}.Release|x64.Build.0 = Release|x64
		{988D2244-73E5-3960-828F-0C2371ACC821}.MinSizeRel|x64.ActiveCfg = MinSizeRel|x64
		{988D2244-73E5-3960-828F-0C2371ACC821}.MinSizeRel|x64.Build.0 = MinSizeRel|x64
		{988D2244-73E5-3960-828F-0C2371ACC821}.RelWithDebInfo|x64.ActiveCfg = RelWithDebInfo|x64
		{988D2244-73E5-3960-828F-0C2371ACC821}.RelWithDebInfo|x64.Build.0 = RelWithDebInfo|x64
		{99D25B94-9FAB-3977-BBBE-50016253DF50}.Debug|x64.ActiveCfg = Debug|x64
		{99D25B94-9FAB-3977-BBBE-50016253DF50}.Debug|x64.Build.0 = Debug|x64
		{99D25B94-9FAB-3977-BBBE-50016253DF50}.Release|x64.ActiveCfg = Release|x64
		{99D25B94-9FAB-3977-BBBE-50016253DF50}.Release|x64.Build.0 = Release|x64
		{99D25B94-9FAB-3977-BBBE-50016253DF50}.MinSizeRel|x64.ActiveCfg = MinSizeRel|x64
		{99D25B94-9FAB-3977-BBBE-50016253DF50}.MinSizeRel|x64.Build.0 = MinSizeRel|x64
		{99D25B94-9FAB-3977-BBBE-50016253DF50}.RelWithDebInfo|x64.ActiveCfg = RelWithDebInfo|x64
		{99D25B94-9FAB-3977-BBBE-50016253DF50}.RelWithDebInfo|x64.Build.0 = RelWithDebInfo|x64
		{C1538834-425E-39F5-B5EB-6F00FAB347E5}.Debug|x64.ActiveCfg = Debug|x64
		{C1538834-425E-39F5-B5EB-6F00FAB347E5}.Debug|x64.Build.0 = Debug|x64
		{C1538834-425E-39F5-B5EB-6F00FAB347E5}.Release|x64.ActiveCfg = Release|x64
		{C1538834-425E-39F5-B5EB-6F00FAB347E5}.Release|x64.Build.0 = Release|x64
		{C1538834-425E-39F5-B5EB-6F00FAB347E5}.MinSizeRel|x64.ActiveCfg = MinSizeRel|x64
		{C1538834-425E-39F5-B5EB-6F00FAB347E5}.MinSizeRel|x64.Build.0 = MinSizeRel|x64
		{C1538834-425E-39F5-B5EB-6F00FAB347E5}.RelWithDebInfo|x64.ActiveCfg = RelWithDebInfo|x64
		{C1538834-425E-39F5-B5EB-6F00FAB347E5}.RelWithDebInfo|x64.Build.0 = RelWithDebInfo|x64
		{35D0D2F5-774A-3362-B1A2-C565EA0C2CF3}.Debug|x64.ActiveCfg = Debug|x64
		{35D0D2F5-774A-3362-B1A2-C565EA0C2CF3}.Debug|x64.Build.0 = Debug|x64
		{35D0D2F5-774A-3362-B1A2-C565EA0C2CF3}.Release|x64.ActiveCfg = Release|x64
		{35D0D2F5-774A-3362-B1A2-C565EA0C2CF3}.Release|x64.Build.0 = Release|x64
		{35D0D2F5-774A-3362-B1A2-C565EA0C2CF3}.MinSizeRel|x64.ActiveCfg = MinSizeRel|x64
		{35D0D2F5-774A-3362-B1A2-C565EA0C2CF3}.MinSizeRel|x64.Build.0 = MinSizeRel|x64
		{35D0D2F5-774A-3362-B1A2-C565EA0C2CF3}.RelWithDebInfo|x64.ActiveCfg = RelWithDebInfo|x64
		{35D0D2F5-774A-3362-B1A2-C565EA0C2CF3}.RelWithDebInfo|x64.Build.0 = RelWithDebInfo|x64
		{227A37BB-9CC6-3A9B-B15A-797529B4C6FE}.Debug|x64.ActiveCfg = Debug|x64
		{227A37BB-9CC6-3A9B-B15A-797529B4C6FE}.Debug|x64.Build.0 = Debug|x64
		{227A37BB-9CC6-3A9B-B15A-797529B4C6FE}.Release|x64.ActiveCfg = Release|x64
		{227A37BB-9CC6-3A9B-B15A-797529B4C6FE}.Release|x64.Build.0 = Release|x64
		{227A37BB-9CC6-3A9B-B15A-797529B4C6FE}.MinSizeRel|x64.ActiveCfg = MinSizeRel|x64
		{227A37BB-9CC6-3A9B-B15A-797529B4C6FE}.MinSizeRel|x64.Build.0 = MinSizeRel|x64
		{227A37BB-9CC6-3A9B-B15A-797529B4C6FE}.RelWithDebInfo|x64.ActiveCfg = RelWithDebInfo|x64
		{227A37BB-9CC6-3A9B-B15A-797529B4C6FE}.RelWithDebInfo|x64.Build.0 = RelWithDebInfo|x64
		{F86BC7AE-324E-3CB0-894E-38E03D33D641}.Debug|x64.ActiveCfg = Debug|x64
		{F86BC7AE-324E-3CB0-894E-38E03D33D641}.Debug|x64.Build.0 = Debug|x64
		{F86BC7AE-324E-3CB0-894E-38E03D33D641}.Release|x64.ActiveCfg = Release|x64
		{F86BC7AE-324E-3CB0-894E-38E03D33D641}.Release|x64.Build.0 = Release|x64
		{F86BC7AE-324E-3CB0-894E-38E03D33D641}.MinSizeRel|x64.ActiveCfg = MinSizeRel|x64
		{F86BC7AE-324E-3CB0-894E-38E03D33D641}.MinSizeRel|x64.Build.0 = MinSizeRel|x64
		{F86BC7AE-324E-3CB0-894E-38E03D33D641}.RelWithDebInfo|x64.ActiveCfg = RelWithDebInfo|x64
		{F86BC7AE-324E-3CB0-894E-38E03D33D641}.RelWithDebInfo|x64.Build.0 = RelWithDebInfo|x64
		{0DACA377-8CF0-3BDE-8DC6-2FC6935DADDD}.Debug|x64.ActiveCfg = Debug|x64
		{0DACA377-8CF0-3BDE-8DC6-2FC6935DADDD}.Debug|x64.Build.0 = Debug|x64
		{0DACA377-8CF0-3BDE-8DC6-2FC6935DADDD}.Release|x64.ActiveCfg = Release|x64
		{0DACA377-8CF0-3BDE-8DC6-2FC6935DADDD}.Release|x64.Build.0 = Release|x64
		{0DACA377-8CF0-3BDE-8DC6-2FC6935DADDD}.MinSizeRel|x64.ActiveCfg = MinSizeRel|x64
		{0DACA377-8CF0-3BDE-8DC6-2FC6935DADDD}.MinSizeRel|x64.Build.0 = MinSizeRel|x64
		{0DACA377-8CF0-3BDE-8DC6-2FC6935DADDD}.RelWithDebInfo|x64.ActiveCfg = RelWithDebInfo|x64
		{0DACA377-8CF0-3BDE-8DC6-2FC6935DADDD}.RelWithDebInfo|x64.Build.0 = RelWithDebInfo|x64
		{2E83D41A-4BEF-392B-912D-C427B9CBECD2}.Debug|x64.ActiveCfg = Debug|x64
		{2E83D41A-4BEF-392B-912D-C427B9CBECD2}.Debug|x64.Build.0 = Debug|x64
		{2E83D41A-4BEF-392B-912D-C427B9CBECD2}.Release|x64.ActiveCfg = Release|x64
		{2E83D41A-4BEF-392B-912D-C427B9CBECD2}.Release|x64.Build.0 = Release|x64
		{2E83D41A-4BEF-392B-912D-C427B9CBECD2}.MinSizeRel|x64.ActiveCfg = MinSizeRel|x64
		{2E83D41A-4BEF-392B-912D-C427B9CBECD2}.MinSizeRel|x64.Build.0 = MinSizeRel|x64
		{2E83D41A-4BEF-392B-912D-C427B9CBECD2}.RelWithDebInfo|x64.ActiveCfg = RelWithDebInfo|x64
		{2E83D41A-4BEF-392B-912D-C427B9CBECD2}.RelWithDebInfo|x64.Build.0 = RelWithDebInfo|x64
		{726BCF54-83B4-3C93-B968-6A6835826180}.Debug|x64.ActiveCfg = Debug|x64
		{726BCF54-83B4-3C93-B968-6A6835826180}.Debug|x64.Build.0 = Debug|x64
		{726BCF54-83B4-3C93-B968-6A6835826180}.Release|x64.ActiveCfg = Release|x64
		{726BCF54-83B4-3C93-B968-6A6835826180}.Release|x64.Build.0 = Release|x64
		{726BCF54-83B4-3C93-B968-6A6835826180}.MinSizeRel|x64.ActiveCfg = MinSizeRel|x64
		{726BCF54-83B4-3C93-B968-6A6835826180}.MinSizeRel|x64.Build.0 = MinSizeRel|x64
		{726BCF54-83B4-3C93-B968-6A6835826180}.RelWithDebInfo|x64.ActiveCfg = RelWithDebInfo|x64
		{726BCF54-83B4-3C93-B968-6A6835826180}.RelWithDebInfo|x64.Build.0 = RelWithDebInfo|x64
		{57FB4CB2-9E7D-3B86-B242-E3D59379203A}.Debug|x64.ActiveCfg = Debug|x64
		{57FB4CB2-9E7D-3B86-B242-E3D59379203A}.Debug|x64.Build.0 = Debug|x64
		{57FB4CB2-9E7D-3B86-B242-E3D59379203A}.Release|x64.ActiveCfg = Release|x64
		{57FB4CB2-9E7D-3B86-B242-E3D59379203A}.Release|x64.Build.0 = Release|x64
		{57FB4CB2-9E7D-3B86-B242-E3D59379203A}.MinSizeRel|x64.ActiveCfg = MinSizeRel|x64
		{57FB4CB2-9E7D-3B86-B242-E3D59379203A}.MinSizeRel|x64.Build.0 = MinSizeRel|x64
		{57FB4CB2-9E7D-3B86-B242-E3D59379203A}.RelWithDebInfo|x64.ActiveCfg = RelWithDebInfo|x64
		{57FB4CB2-9E7D-3B86-B242-E3D59379203A}.RelWithDebInfo|x64.Build.0 = RelWithDebInfo|x64
		{61388C4E-5949-376C-AF3E-9408F0EC3CD3}.Debug|x64.ActiveCfg = Debug|x64
		{61388C4E-5949-376C-AF3E-9408F0EC3CD3}.Debug|x64.Build.0 = Debug|x64
		{61388C4E-5949-376C-AF3E-9408F0EC3CD3}.Release|x64.ActiveCfg = Release|x64
		{61388C4E-5949-376C-AF3E-9408F0EC3CD3}.Release|x64.Build.0 = Release|x64
		{61388C4E-5949-376C-AF3E-9408F0EC3CD3}.MinSizeRel|x64.ActiveCfg = MinSizeRel|x64
		{61388C4E-5949-376C-AF3E-9408F0EC3CD3}.MinSizeRel|x64.Build.0 = MinSizeRel|x64
		{61388C4E-5949-376C-AF3E-9408F0EC3CD3}.RelWithDebInfo|x64.ActiveCfg = RelWithDebInfo|x64
		{61388C4E-5949-376C-AF3E-9408F0EC3CD3}.RelWithDebInfo|x64.Build.0 = RelWithDebInfo|x64
		{0F7AA730-A134-392D-965D-308EEC8CB17A}.Debug|x64.ActiveCfg = Debug|x64
		{0F7AA730-A134-392D-965D-308EEC8CB17A}.Debug|x64.Build.0 = Debug|x64
		{0F7AA730-A134-392D-965D-308EEC8CB17A}.Release|x64.ActiveCfg = Release|x64
		{0F7AA730-A134-392D-965D-308EEC8CB17A}.Release|x64.Build.0 = Release|x64
		{0F7AA730-A134-392D-965D-308EEC8CB17A}.MinSizeRel|x64.ActiveCfg = MinSizeRel|x64
		{0F7AA730-A134-392D-965D-308EEC8CB17A}.MinSizeRel|x64.Build.0 = MinSizeRel|x64
		{0F7AA730-A134-392D-965D-308EEC8CB17A}.RelWithDebInfo|x64.ActiveCfg = RelWithDebInfo|x64
		{0F7AA730-A134-392D-965D-308EEC8CB17A}.RelWithDebInfo|x64.Build.0 = RelWithDebInfo|x64
		{A642126E-08BD-3318-927C-4576F118E91F}.Debug|x64.ActiveCfg = Debug|x64
		{A642126E-08BD-3318-927C-4576F118E91F}.Debug|x64.Build.0 = Debug|x64
		{A642126E-08BD-3318-927C-4576F118E91F}.Release|x64.ActiveCfg = Release|x64
		{A642126E-08BD-3318-927C-4576F118E91F}.Release|x64.Build.0 = Release|x64
		{A642126E-08BD-3318-927C-4576F118E91F}.MinSizeRel|x64.ActiveCfg = MinSizeRel|x64
		{A642126E-08BD-3318-927C-4576F118E91F}.MinSizeRel|x64.Build.0 = MinSizeRel|x64
		{A642126E-08BD-3318-927C-4576F118E91F}.RelWithDebInfo|x64.ActiveCfg = RelWithDebInfo|x64
		{A642126E-08BD-3318-927C-4576F118E91F}.RelWithDebInfo|x64.Build.0 = RelWithDebInfo|x64
		{F17EDB1E-6268-3B81-96F4-FA9BF8104E32}.Debug|x64.ActiveCfg = Debug|x64
		{F17EDB1E-6268-3B81-96F4-FA9BF8104E32}.Debug|x64.Build.0 = Debug|x64
		{F17EDB1E-6268-3B81-96F4-FA9BF8104E32}.Release|x64.ActiveCfg = Release|x64
		{F17EDB1E-6268-3B81-96F4-FA9BF8104E32}.Release|x64.Build.0 = Release|x64
		{F17EDB1E-6268-3B81-96F4-FA9BF8104E32}.MinSizeRel|x64.ActiveCfg = MinSizeRel|x64
		{F17EDB1E-6268-3B81-96F4-FA9BF8104E32}.MinSizeRel|x64.Build.0 = MinSizeRel|x64
		{F17EDB1E-6268-3B81-96F4-FA9BF8104E32}.RelWithDebInfo|x64.ActiveCfg = RelWithDebInfo|x64
		{F17EDB1E-6268-3B81-96F4-FA9BF8104E32}.RelWithDebInfo|x64.Build.0 = RelWithDebInfo|x64
		{10982F35-7D82-3894-8596-054F33D44145}.Debug|x64.ActiveCfg = Debug|x64
		{10982F35-7D82-3894-8596-054F33D44145}.Debug|x64.Build.0 = Debug|x64
		{10982F35-7D82-3894-8596-054F33D44145}.Release|x64.ActiveCfg = Release|x64
		{10982F35-7D82-3894-8596-054F33D44145}.Release|x64.Build.0 = Release|x64
		{10982F35-7D82-3894-8596-054F33D44145}.MinSizeRel|x64.ActiveCfg = MinSizeRel|x64
		{10982F35-7D82-3894-8596-054F33D44145}.MinSizeRel|x64.Build.0 = MinSizeRel|x64
		{10982F35-7D82-3894-8596-054F33D44145}.RelWithDebInfo|x64.ActiveCfg = RelWithDebInfo|x64
		{10982F35-7D82-3894-8596-054F33D44145}.RelWithDebInfo|x64.Build.0 = RelWithDebInfo|x64
		{EC0D6971-B661-33AF-9F8C-C178A4A63438}.Debug|x64.ActiveCfg = Debug|x64
		{EC0D6971-B661-33AF-9F8C-C178A4A63438}.Debug|x64.Build.0 = Debug|x64
		{EC0D6971-B661-33AF-9F8C-C178A4A63438}.Release|x64.ActiveCfg = Release|x64
		{EC0D6971-B661-33AF-9F8C-C178A4A63438}.Release|x64.Build.0 = Release|x64
		{EC0D6971-B661-33AF-9F8C-C178A4A63438}.MinSizeRel|x64.ActiveCfg = MinSizeRel|x64
		{EC0D6971-B661-33AF-9F8C-C178A4A63438}.MinSizeRel|x64.Build.0 = MinSizeRel|x64
		{EC0D6971-B661-33AF-9F8C-C178A4A63438}.RelWithDebInfo|x64.ActiveCfg = RelWithDebInfo|x64
		{EC0D6971-B661-33AF-9F8C-C178A4A63438}.RelWithDebInfo|x64.Build.0 = RelWithDebInfo|x64
		{91D559DA-0149-3D5F-A154-D7C157D55CD0}.Debug|x64.ActiveCfg = Debug|x64
		{91D559DA-0149-3D5F-A154-D7C157D55CD0}.Debug|x64.Build.0 = Debug|x64
		{91D559DA-0149-3D5F-A154-D7C157D55CD0}.Release|x64.ActiveCfg = Release|x64
		{91D559DA-0149-3D5F-A154-D7C157D55CD0}.Release|x64.Build.0 = Release|x64
		{91D559DA-0149-3D5F-A154-D7C157D55CD0}.MinSizeRel|x64.ActiveCfg = MinSizeRel|x64
		{91D559DA-0149-3D5F-A154-D7C157D55CD0}.MinSizeRel|x64.Build.0 = MinSizeRel|x64
		{91D559DA-0149-3D5F-A154-D7C157D55CD0}.RelWithDebInfo|x64.ActiveCfg = RelWithDebInfo|x64
		{91D559DA-0149-3D5F-A154-D7C157D55CD0}.RelWithDebInfo|x64.Build.0 = RelWithDebInfo|x64
		{908E653D-952C-3C6A-93AB-6A852968D229}.Debug|x64.ActiveCfg = Debug|x64
		{908E653D-952C-3C6A-93AB-6A852968D229}.Debug|x64.Build.0 = Debug|x64
		{908E653D-952C-3C6A-93AB-6A852968D229}.Release|x64.ActiveCfg = Release|x64
		{908E653D-952C-3C6A-93AB-6A852968D229}.Release|x64.Build.0 = Release|x64
		{908E653D-952C-3C6A-93AB-6A852968D229}.MinSizeRel|x64.ActiveCfg = MinSizeRel|x64
		{908E653D-952C-3C6A-93AB-6A852968D229}.MinSizeRel|x64.Build.0 = MinSizeRel|x64
		{908E653D-952C-3C6A-93AB-6A852968D229}.RelWithDebInfo|x64.ActiveCfg = RelWithDebInfo|x64
		{908E653D-952C-3C6A-93AB-6A852968D229}.RelWithDebInfo|x64.Build.0 = RelWithDebInfo|x64
		{C86F876B-4C34-327F-8A6F-699385267889}.Debug|x64.ActiveCfg = Debug|x64
		{C86F876B-4C34-327F-8A6F-699385267889}.Debug|x64.Build.0 = Debug|x64
		{C86F876B-4C34-327F-8A6F-699385267889}.Release|x64.ActiveCfg = Release|x64
		{C86F876B-4C34-327F-8A6F-699385267889}.Release|x64.Build.0 = Release|x64
		{C86F876B-4C34-327F-8A6F-699385267889}.MinSizeRel|x64.ActiveCfg = MinSizeRel|x64
		{C86F876B-4C34-327F-8A6F-699385267889}.MinSizeRel|x64.Build.0 = MinSizeRel|x64
		{C86F876B-4C34-327F-8A6F-699385267889}.RelWithDebInfo|x64.ActiveCfg = RelWithDebInfo|x64
		{C86F876B-4C34-327F-8A6F-699385267889}.RelWithDebInfo|x64.Build.0 = RelWithDebInfo|x64
		{199F825E-8C06-35C1-A98E-A4EC5DBBB0BC}.Debug|x64.ActiveCfg = Debug|x64
		{199F825E-8C06-35C1-A98E-A4EC5DBBB0BC}.Debug|x64.Build.0 = Debug|x64
		{199F825E-8C06-35C1-A98E-A4EC5DBBB0BC}.Release|x64.ActiveCfg = Release|x64
		{199F825E-8C06-35C1-A98E-A4EC5DBBB0BC}.Release|x64.Build.0 = Release|x64
		{199F825E-8C06-35C1-A98E-A4EC5DBBB0BC}.MinSizeRel|x64.ActiveCfg = MinSizeRel|x64
		{199F825E-8C06-35C1-A98E-A4EC5DBBB0BC}.MinSizeRel|x64.Build.0 = MinSizeRel|x64
		{199F825E-8C06-35C1-A98E-A4EC5DBBB0BC}.RelWithDebInfo|x64.ActiveCfg = RelWithDebInfo|x64
		{199F825E-8C06-35C1-A98E-A4EC5DBBB0BC}.RelWithDebInfo|x64.Build.0 = RelWithDebInfo|x64
		{6FDCF306-9E8F-3A94-B88B-11B27A525D91}.Debug|x64.ActiveCfg = Debug|x64
		{6FDCF306-9E8F-3A94-B88B-11B27A525D91}.Debug|x64.Build.0 = Debug|x64
		{6FDCF306-9E8F-3A94-B88B-11B27A525D91}.Release|x64.ActiveCfg = Release|x64
		{6FDCF306-9E8F-3A94-B88B-11B27A525D91}.Release|x64.Build.0 = Release|x64
		{6FDCF306-9E8F-3A94-B88B-11B27A525D91}.MinSizeRel|x64.ActiveCfg = MinSizeRel|x64
		{6FDCF306-9E8F-3A94-B88B-11B27A525D91}.MinSizeRel|x64.Build.0 = MinSizeRel|x64
		{6FDCF306-9E8F-3A94-B88B-11B27A525D91}.RelWithDebInfo|x64.ActiveCfg = RelWithDebInfo|x64
		{6FDCF306-9E8F-3A94-B88B-11B27A525D91}.RelWithDebInfo|x64.Build.0 = RelWithDebInfo|x64
		{1873A12C-2891-3DC9-92CA-2684B86BCA27}.Debug|x64.ActiveCfg = Debug|x64
		{1873A12C-2891-3DC9-92CA-2684B86BCA27}.Release|x64.ActiveCfg = Release|x64
		{1873A12C-2891-3DC9-92CA-2684B86BCA27}.MinSizeRel|x64.ActiveCfg = MinSizeRel|x64
		{1873A12C-2891-3DC9-92CA-2684B86BCA27}.RelWithDebInfo|x64.ActiveCfg = RelWithDebInfo|x64
		{F1BC5F4D-2CFB-3851-A945-5EAC43C2E8CD}.Debug|x64.ActiveCfg = Debug|x64
		{F1BC5F4D-2CFB-3851-A945-5EAC43C2E8CD}.Release|x64.ActiveCfg = Release|x64
		{F1BC5F4D-2CFB-3851-A945-5EAC43C2E8CD}.MinSizeRel|x64.ActiveCfg = MinSizeRel|x64
		{F1BC5F4D-2CFB-3851-A945-5EAC43C2E8CD}.RelWithDebInfo|x64.ActiveCfg = RelWithDebInfo|x64
		{F8AE9435-3298-30ED-BAE5-FC1466CC3989}.Debug|x64.ActiveCfg = Debug|x64
		{F8AE9435-3298-30ED-BAE5-FC1466CC3989}.Debug|x64.Build.0 = Debug|x64
		{F8AE9435-3298-30ED-BAE5-FC1466CC3989}.Release|x64.ActiveCfg = Release|x64
		{F8AE9435-3298-30ED-BAE5-FC1466CC3989}.Release|x64.Build.0 = Release|x64
		{F8AE9435-3298-30ED-BAE5-FC1466CC3989}.MinSizeRel|x64.ActiveCfg = MinSizeRel|x64
		{F8AE9435-3298-30ED-BAE5-FC1466CC3989}.MinSizeRel|x64.Build.0 = MinSizeRel|x64
		{F8AE9435-3298-30ED-BAE5-FC1466CC3989}.RelWithDebInfo|x64.ActiveCfg = RelWithDebInfo|x64
		{F8AE9435-3298-30ED-BAE5-FC1466CC3989}.RelWithDebInfo|x64.Build.0 = RelWithDebInfo|x64
		{597A1D94-47B9-3795-BC9F-AC31CD34758C}.Debug|x64.ActiveCfg = Debug|x64
		{597A1D94-47B9-3795-BC9F-AC31CD34758C}.Debug|x64.Build.0 = Debug|x64
		{597A1D94-47B9-3795-BC9F-AC31CD34758C}.Release|x64.ActiveCfg = Release|x64
		{597A1D94-47B9-3795-BC9F-AC31CD34758C}.Release|x64.Build.0 = Release|x64
		{597A1D94-47B9-3795-BC9F-AC31CD34758C}.MinSizeRel|x64.ActiveCfg = MinSizeRel|x64
		{597A1D94-47B9-3795-BC9F-AC31CD34758C}.MinSizeRel|x64.Build.0 = MinSizeRel|x64
		{597A1D94-47B9-3795-BC9F-AC31CD34758C}.RelWithDebInfo|x64.ActiveCfg = RelWithDebInfo|x64
		{597A1D94-47B9-3795-BC9F-AC31CD34758C}.RelWithDebInfo|x64.Build.0 = RelWithDebInfo|x64
	EndGlobalSection
	GlobalSection(NestedProjects) = preSolution
		{4CE254E5-1176-3929-9964-2EB112FC69AE} = {C2A34043-BB28-3E3C-87A4-B8F143AAB608}
		{83263DBC-5E54-36FE-95CD-B6406D79E463} = {C2A34043-BB28-3E3C-87A4-B8F143AAB608}
		{B2A695A7-CA0A-3580-8CAA-8A7CDCBCCA77} = {C2A34043-BB28-3E3C-87A4-B8F143AAB608}
		{DD4BF866-9840-3B1C-96D1-85E6D6D824E4} = {26D9F5DD-15CC-35B4-B58A-E3B932494DBB}
		{33EFA18D-C9C4-37EF-A181-7A419F55B2B5} = {26D9F5DD-15CC-35B4-B58A-E3B932494DBB}
		{988D2244-73E5-3960-828F-0C2371ACC821} = {26D9F5DD-15CC-35B4-B58A-E3B932494DBB}
		{1873A12C-2891-3DC9-92CA-2684B86BCA27} = {26D9F5DD-15CC-35B4-B58A-E3B932494DBB}
		{F1BC5F4D-2CFB-3851-A945-5EAC43C2E8CD} = {26D9F5DD-15CC-35B4-B58A-E3B932494DBB}
		{9156A542-780B-3415-B364-7E27484FB8B7} = {DD4BF866-9840-3B1C-96D1-85E6D6D824E4}
		{4D80788D-EC72-38D8-ACD7-24F929BD0C31} = {DD4BF866-9840-3B1C-96D1-85E6D6D824E4}
		{C1538834-425E-39F5-B5EB-6F00FAB347E5} = {DD4BF866-9840-3B1C-96D1-85E6D6D824E4}
		{57FB4CB2-9E7D-3B86-B242-E3D59379203A} = {DD4BF866-9840-3B1C-96D1-85E6D6D824E4}
		{0F7AA730-A134-392D-965D-308EEC8CB17A} = {DD4BF866-9840-3B1C-96D1-85E6D6D824E4}
		{F17EDB1E-6268-3B81-96F4-FA9BF8104E32} = {DD4BF866-9840-3B1C-96D1-85E6D6D824E4}
		{10982F35-7D82-3894-8596-054F33D44145} = {DD4BF866-9840-3B1C-96D1-85E6D6D824E4}
		{EC0D6971-B661-33AF-9F8C-C178A4A63438} = {DD4BF866-9840-3B1C-96D1-85E6D6D824E4}
		{F8AE9435-3298-30ED-BAE5-FC1466CC3989} = {DD4BF866-9840-3B1C-96D1-85E6D6D824E4}
		{0C193E0C-7274-329B-AFAD-18CA15515E03} = {33EFA18D-C9C4-37EF-A181-7A419F55B2B5}
		{52E53C56-A182-3E2F-B0B6-20FA17B498E4} = {33EFA18D-C9C4-37EF-A181-7A419F55B2B5}
		{C79F00A6-54FA-3DE2-9792-2B4ECA5682A5} = {33EFA18D-C9C4-37EF-A181-7A419F55B2B5}
		{58048B1D-3DB7-365C-99D0-9FF325A4304D} = {33EFA18D-C9C4-37EF-A181-7A419F55B2B5}
		{A8CC2951-CC12-3F32-B748-921E9C405AA4} = {33EFA18D-C9C4-37EF-A181-7A419F55B2B5}
		{99D25B94-9FAB-3977-BBBE-50016253DF50} = {33EFA18D-C9C4-37EF-A181-7A419F55B2B5}
		{35D0D2F5-774A-3362-B1A2-C565EA0C2CF3} = {33EFA18D-C9C4-37EF-A181-7A419F55B2B5}
		{227A37BB-9CC6-3A9B-B15A-797529B4C6FE} = {33EFA18D-C9C4-37EF-A181-7A419F55B2B5}
		{F86BC7AE-324E-3CB0-894E-38E03D33D641} = {33EFA18D-C9C4-37EF-A181-7A419F55B2B5}
		{0DACA377-8CF0-3BDE-8DC6-2FC6935DADDD} = {33EFA18D-C9C4-37EF-A181-7A419F55B2B5}
		{2E83D41A-4BEF-392B-912D-C427B9CBECD2} = {33EFA18D-C9C4-37EF-A181-7A419F55B2B5}
		{726BCF54-83B4-3C93-B968-6A6835826180} = {33EFA18D-C9C4-37EF-A181-7A419F55B2B5}
		{61388C4E-5949-376C-AF3E-9408F0EC3CD3} = {33EFA18D-C9C4-37EF-A181-7A419F55B2B5}
		{A642126E-08BD-3318-927C-4576F118E91F} = {33EFA18D-C9C4-37EF-A181-7A419F55B2B5}
		{91D559DA-0149-3D5F-A154-D7C157D55CD0} = {33EFA18D-C9C4-37EF-A181-7A419F55B2B5}
		{908E653D-952C-3C6A-93AB-6A852968D229} = {33EFA18D-C9C4-37EF-A181-7A419F55B2B5}
		{C86F876B-4C34-327F-8A6F-699385267889} = {33EFA18D-C9C4-37EF-A181-7A419F55B2B5}
		{199F825E-8C06-35C1-A98E-A4EC5DBBB0BC} = {33EFA18D-C9C4-37EF-A181-7A419F55B2B5}
		{6FDCF306-9E8F-3A94-B88B-11B27A525D91} = {33EFA18D-C9C4-37EF-A181-7A419F55B2B5}
		{597A1D94-47B9-3795-BC9F-AC31CD34758C} = {33EFA18D-C9C4-37EF-A181-7A419F55B2B5}
	EndGlobalSection
	GlobalSection(ExtensibilityGlobals) = postSolution
		SolutionGuid = {4B4D7813-E732-3741-B450-4FCFB09C482E}
	EndGlobalSection
	GlobalSection(ExtensibilityAddIns) = postSolution
	EndGlobalSection
EndGlobal
