<?xml version="1.0" encoding="utf-8"?>
<Project ToolsVersion="16.0" xmlns="http://schemas.microsoft.com/developer/msbuild/2003">
  <ItemGroup>
    <ClCompile Include="D:\graph\assimp-3.3.1\code\Assimp.cpp">
      <Filter>Source Files</Filter>
    </ClCompile>
    <ClCompile Include="D:\graph\assimp-3.3.1\code\BaseImporter.cpp">
      <Filter>Common</Filter>
    </ClCompile>
    <ClCompile Include="D:\graph\assimp-3.3.1\code\BaseProcess.cpp">
      <Filter>Common</Filter>
    </ClCompile>
    <ClCompile Include="D:\graph\assimp-3.3.1\code\PostStepRegistry.cpp">
      <Filter>Common</Filter>
    </ClCompile>
    <ClCompile Include="D:\graph\assimp-3.3.1\code\ImporterRegistry.cpp">
      <Filter>Common</Filter>
    </ClCompile>
    <ClCompile Include="D:\graph\assimp-3.3.1\code\DefaultIOStream.cpp">
      <Filter>Common</Filter>
    </ClCompile>
    <ClCompile Include="D:\graph\assimp-3.3.1\code\DefaultIOSystem.cpp">
      <Filter>Common</Filter>
    </ClCompile>
    <ClCompile Include="D:\graph\assimp-3.3.1\code\Importer.cpp">
      <Filter>Common</Filter>
    </ClCompile>
    <ClCompile Include="D:\graph\assimp-3.3.1\code\SGSpatialSort.cpp">
      <Filter>Common</Filter>
    </ClCompile>
    <ClCompile Include="D:\graph\assimp-3.3.1\code\VertexTriangleAdjacency.cpp">
      <Filter>Common</Filter>
    </ClCompile>
    <ClCompile Include="D:\graph\assimp-3.3.1\code\SpatialSort.cpp">
      <Filter>Common</Filter>
    </ClCompile>
    <ClCompile Include="D:\graph\assimp-3.3.1\code\SceneCombiner.cpp">
      <Filter>Common</Filter>
    </ClCompile>
    <ClCompile Include="D:\graph\assimp-3.3.1\code\ScenePreprocessor.cpp">
      <Filter>Common</Filter>
    </ClCompile>
    <ClCompile Include="D:\graph\assimp-3.3.1\code\SkeletonMeshBuilder.cpp">
      <Filter>Common</Filter>
    </ClCompile>
    <ClCompile Include="D:\graph\assimp-3.3.1\code\SplitByBoneCountProcess.cpp">
      <Filter>Common</Filter>
    </ClCompile>
    <ClCompile Include="D:\graph\assimp-3.3.1\code\StandardShapes.cpp">
      <Filter>Common</Filter>
    </ClCompile>
    <ClCompile Include="D:\graph\assimp-3.3.1\code\TargetAnimation.cpp">
      <Filter>Common</Filter>
    </ClCompile>
    <ClCompile Include="D:\graph\assimp-3.3.1\code\RemoveComments.cpp">
      <Filter>Common</Filter>
    </ClCompile>
    <ClCompile Include="D:\graph\assimp-3.3.1\code\Subdivision.cpp">
      <Filter>Common</Filter>
    </ClCompile>
    <ClCompile Include="D:\graph\assimp-3.3.1\code\Bitmap.cpp">
      <Filter>Common</Filter>
    </ClCompile>
    <ClCompile Include="D:\graph\assimp-3.3.1\code\Version.cpp">
      <Filter>Common</Filter>
    </ClCompile>
    <ClCompile Include="D:\graph\assimp-3.3.1\code\DefaultLogger.cpp">
      <Filter>Logging</Filter>
    </ClCompile>
    <ClCompile Include="D:\graph\assimp-3.3.1\code\Exporter.cpp">
      <Filter>Exporter</Filter>
    </ClCompile>
    <ClCompile Include="D:\graph\assimp-3.3.1\code\AssimpCExport.cpp">
      <Filter>Exporter</Filter>
    </ClCompile>
    <ClCompile Include="D:\graph\assimp-3.3.1\code\CalcTangentsProcess.cpp">
      <Filter>PostProcessing</Filter>
    </ClCompile>
    <ClCompile Include="D:\graph\assimp-3.3.1\code\ComputeUVMappingProcess.cpp">
      <Filter>PostProcessing</Filter>
    </ClCompile>
    <ClCompile Include="D:\graph\assimp-3.3.1\code\ConvertToLHProcess.cpp">
      <Filter>PostProcessing</Filter>
    </ClCompile>
    <ClCompile Include="D:\graph\assimp-3.3.1\code\FindDegenerates.cpp">
      <Filter>PostProcessing</Filter>
    </ClCompile>
    <ClCompile Include="D:\graph\assimp-3.3.1\code\FindInstancesProcess.cpp">
      <Filter>PostProcessing</Filter>
    </ClCompile>
    <ClCompile Include="D:\graph\assimp-3.3.1\code\FindInvalidDataProcess.cpp">
      <Filter>PostProcessing</Filter>
    </ClCompile>
    <ClCompile Include="D:\graph\assimp-3.3.1\code\FixNormalsStep.cpp">
      <Filter>PostProcessing</Filter>
    </ClCompile>
    <ClCompile Include="D:\graph\assimp-3.3.1\code\GenFaceNormalsProcess.cpp">
      <Filter>PostProcessing</Filter>
    </ClCompile>
    <ClCompile Include="D:\graph\assimp-3.3.1\code\GenVertexNormalsProcess.cpp">
      <Filter>PostProcessing</Filter>
    </ClCompile>
    <ClCompile Include="D:\graph\assimp-3.3.1\code\PretransformVertices.cpp">
      <Filter>PostProcessing</Filter>
    </ClCompile>
    <ClCompile Include="D:\graph\assimp-3.3.1\code\ImproveCacheLocality.cpp">
      <Filter>PostProcessing</Filter>
    </ClCompile>
    <ClCompile Include="D:\graph\assimp-3.3.1\code\JoinVerticesProcess.cpp">
      <Filter>PostProcessing</Filter>
    </ClCompile>
    <ClCompile Include="D:\graph\assimp-3.3.1\code\LimitBoneWeightsProcess.cpp">
      <Filter>PostProcessing</Filter>
    </ClCompile>
    <ClCompile Include="D:\graph\assimp-3.3.1\code\RemoveRedundantMaterials.cpp">
      <Filter>PostProcessing</Filter>
    </ClCompile>
    <ClCompile Include="D:\graph\assimp-3.3.1\code\RemoveVCProcess.cpp">
      <Filter>PostProcessing</Filter>
    </ClCompile>
    <ClCompile Include="D:\graph\assimp-3.3.1\code\SortByPTypeProcess.cpp">
      <Filter>PostProcessing</Filter>
    </ClCompile>
    <ClCompile Include="D:\graph\assimp-3.3.1\code\SplitLargeMeshes.cpp">
      <Filter>PostProcessing</Filter>
    </ClCompile>
    <ClCompile Include="D:\graph\assimp-3.3.1\code\TextureTransform.cpp">
      <Filter>PostProcessing</Filter>
    </ClCompile>
    <ClCompile Include="D:\graph\assimp-3.3.1\code\TriangulateProcess.cpp">
      <Filter>PostProcessing</Filter>
    </ClCompile>
    <ClCompile Include="D:\graph\assimp-3.3.1\code\ValidateDataStructure.cpp">
      <Filter>PostProcessing</Filter>
    </ClCompile>
    <ClCompile Include="D:\graph\assimp-3.3.1\code\OptimizeGraph.cpp">
      <Filter>PostProcessing</Filter>
    </ClCompile>
    <ClCompile Include="D:\graph\assimp-3.3.1\code\OptimizeMeshes.cpp">
      <Filter>PostProcessing</Filter>
    </ClCompile>
    <ClCompile Include="D:\graph\assimp-3.3.1\code\DeboneProcess.cpp">
      <Filter>PostProcessing</Filter>
    </ClCompile>
    <ClCompile Include="D:\graph\assimp-3.3.1\code\ProcessHelper.cpp">
      <Filter>PostProcessing</Filter>
    </ClCompile>
    <ClCompile Include="D:\graph\assimp-3.3.1\code\MakeVerboseFormat.cpp">
      <Filter>PostProcessing</Filter>
    </ClCompile>
    <ClCompile Include="D:\graph\assimp-3.3.1\code\MaterialSystem.cpp">
      <Filter>MaterialSystem</Filter>
    </ClCompile>
    <ClCompile Include="D:\graph\assimp-3.3.1\code\StepExporter.cpp">
      <Filter>Step</Filter>
    </ClCompile>
    <ClCompile Include="D:\graph\assimp-3.3.1\code\3DSConverter.cpp">
      <Filter>3DS</Filter>
    </ClCompile>
    <ClCompile Include="D:\graph\assimp-3.3.1\code\3DSLoader.cpp">
      <Filter>3DS</Filter>
    </ClCompile>
    <ClCompile Include="D:\graph\assimp-3.3.1\code\3DSExporter.cpp">
      <Filter>3DS</Filter>
    </ClCompile>
    <ClCompile Include="D:\graph\assimp-3.3.1\code\ACLoader.cpp">
      <Filter>AC</Filter>
    </ClCompile>
    <ClCompile Include="D:\graph\assimp-3.3.1\code\ASELoader.cpp">
      <Filter>ASE</Filter>
    </ClCompile>
    <ClCompile Include="D:\graph\assimp-3.3.1\code\ASEParser.cpp">
      <Filter>ASE</Filter>
    </ClCompile>
    <ClCompile Include="D:\graph\assimp-3.3.1\code\AssbinExporter.cpp">
      <Filter>ASSBIN</Filter>
    </ClCompile>
    <ClCompile Include="D:\graph\assimp-3.3.1\code\AssbinLoader.cpp">
      <Filter>ASSBIN</Filter>
    </ClCompile>
    <ClCompile Include="D:\graph\assimp-3.3.1\code\AssxmlExporter.cpp">
      <Filter>ASSXML</Filter>
    </ClCompile>
    <ClCompile Include="D:\graph\assimp-3.3.1\code\B3DImporter.cpp">
      <Filter>B3D</Filter>
    </ClCompile>
    <ClCompile Include="D:\graph\assimp-3.3.1\code\BVHLoader.cpp">
      <Filter>BVH</Filter>
    </ClCompile>
    <ClCompile Include="D:\graph\assimp-3.3.1\code\ColladaLoader.cpp">
      <Filter>COLLADA</Filter>
    </ClCompile>
    <ClCompile Include="D:\graph\assimp-3.3.1\code\ColladaParser.cpp">
      <Filter>COLLADA</Filter>
    </ClCompile>
    <ClCompile Include="D:\graph\assimp-3.3.1\code\ColladaExporter.cpp">
      <Filter>COLLADA</Filter>
    </ClCompile>
    <ClCompile Include="D:\graph\assimp-3.3.1\code\DXFLoader.cpp">
      <Filter>DXF</Filter>
    </ClCompile>
    <ClCompile Include="D:\graph\assimp-3.3.1\code\CSMLoader.cpp">
      <Filter>CSM</Filter>
    </ClCompile>
    <ClCompile Include="D:\graph\assimp-3.3.1\code\HMPLoader.cpp">
      <Filter>HMP</Filter>
    </ClCompile>
    <ClCompile Include="D:\graph\assimp-3.3.1\code\IRRMeshLoader.cpp">
      <Filter>IRRMESH</Filter>
    </ClCompile>
    <ClCompile Include="D:\graph\assimp-3.3.1\code\IRRShared.cpp">
      <Filter>IRR</Filter>
    </ClCompile>
    <ClCompile Include="D:\graph\assimp-3.3.1\code\IRRLoader.cpp">
      <Filter>IRR</Filter>
    </ClCompile>
    <ClCompile Include="D:\graph\assimp-3.3.1\code\LWOAnimation.cpp">
      <Filter>LWO</Filter>
    </ClCompile>
    <ClCompile Include="D:\graph\assimp-3.3.1\code\LWOBLoader.cpp">
      <Filter>LWO</Filter>
    </ClCompile>
    <ClCompile Include="D:\graph\assimp-3.3.1\code\LWOLoader.cpp">
      <Filter>LWO</Filter>
    </ClCompile>
    <ClCompile Include="D:\graph\assimp-3.3.1\code\LWOMaterial.cpp">
      <Filter>LWO</Filter>
    </ClCompile>
    <ClCompile Include="D:\graph\assimp-3.3.1\code\LWSLoader.cpp">
      <Filter>LWS</Filter>
    </ClCompile>
    <ClCompile Include="D:\graph\assimp-3.3.1\code\MD2Loader.cpp">
      <Filter>MD2</Filter>
    </ClCompile>
    <ClCompile Include="D:\graph\assimp-3.3.1\code\MD3Loader.cpp">
      <Filter>MD3</Filter>
    </ClCompile>
    <ClCompile Include="D:\graph\assimp-3.3.1\code\MD5Loader.cpp">
      <Filter>MD5</Filter>
    </ClCompile>
    <ClCompile Include="D:\graph\assimp-3.3.1\code\MD5Parser.cpp">
      <Filter>MD5</Filter>
    </ClCompile>
    <ClCompile Include="D:\graph\assimp-3.3.1\code\MDCLoader.cpp">
      <Filter>MDC</Filter>
    </ClCompile>
    <ClCompile Include="D:\graph\assimp-3.3.1\code\MDLLoader.cpp">
      <Filter>MDL</Filter>
    </ClCompile>
    <ClCompile Include="D:\graph\assimp-3.3.1\code\MDLMaterialLoader.cpp">
      <Filter>MDL</Filter>
    </ClCompile>
    <ClCompile Include="D:\graph\assimp-3.3.1\code\NFFLoader.cpp">
      <Filter>NFF</Filter>
    </ClCompile>
    <ClCompile Include="D:\graph\assimp-3.3.1\code\NDOLoader.cpp">
      <Filter>NDO</Filter>
    </ClCompile>
    <ClCompile Include="D:\graph\assimp-3.3.1\code\OFFLoader.cpp">
      <Filter>OFF</Filter>
    </ClCompile>
    <ClCompile Include="D:\graph\assimp-3.3.1\code\ObjFileImporter.cpp">
      <Filter>OBJ</Filter>
    </ClCompile>
    <ClCompile Include="D:\graph\assimp-3.3.1\code\ObjFileMtlImporter.cpp">
      <Filter>OBJ</Filter>
    </ClCompile>
    <ClCompile Include="D:\graph\assimp-3.3.1\code\ObjFileParser.cpp">
      <Filter>OBJ</Filter>
    </ClCompile>
    <ClCompile Include="D:\graph\assimp-3.3.1\code\ObjExporter.cpp">
      <Filter>OBJ</Filter>
    </ClCompile>
    <ClCompile Include="D:\graph\assimp-3.3.1\code\OgreImporter.cpp">
      <Filter>OGRE</Filter>
    </ClCompile>
    <ClCompile Include="D:\graph\assimp-3.3.1\code\OgreStructs.cpp">
      <Filter>OGRE</Filter>
    </ClCompile>
    <ClCompile Include="D:\graph\assimp-3.3.1\code\OgreBinarySerializer.cpp">
      <Filter>OGRE</Filter>
    </ClCompile>
    <ClCompile Include="D:\graph\assimp-3.3.1\code\OgreXmlSerializer.cpp">
      <Filter>OGRE</Filter>
    </ClCompile>
    <ClCompile Include="D:\graph\assimp-3.3.1\code\OgreMaterial.cpp">
      <Filter>OGRE</Filter>
    </ClCompile>
    <ClCompile Include="D:\graph\assimp-3.3.1\code\OpenGEXExporter.cpp">
      <Filter>OPENGEX</Filter>
    </ClCompile>
    <ClCompile Include="D:\graph\assimp-3.3.1\code\OpenGEXImporter.cpp">
      <Filter>OPENGEX</Filter>
    </ClCompile>
    <ClCompile Include="D:\graph\assimp-3.3.1\code\PlyLoader.cpp">
      <Filter>PLY</Filter>
    </ClCompile>
    <ClCompile Include="D:\graph\assimp-3.3.1\code\PlyParser.cpp">
      <Filter>PLY</Filter>
    </ClCompile>
    <ClCompile Include="D:\graph\assimp-3.3.1\code\PlyExporter.cpp">
      <Filter>PLY</Filter>
    </ClCompile>
    <ClCompile Include="D:\graph\assimp-3.3.1\code\MS3DLoader.cpp">
      <Filter>MS3D</Filter>
    </ClCompile>
    <ClCompile Include="D:\graph\assimp-3.3.1\code\COBLoader.cpp">
      <Filter>COB</Filter>
    </ClCompile>
    <ClCompile Include="D:\graph\assimp-3.3.1\code\BlenderLoader.cpp">
      <Filter>BLEND</Filter>
    </ClCompile>
    <ClCompile Include="D:\graph\assimp-3.3.1\code\BlenderDNA.cpp">
      <Filter>BLEND</Filter>
    </ClCompile>
    <ClCompile Include="D:\graph\assimp-3.3.1\code\BlenderScene.cpp">
      <Filter>BLEND</Filter>
    </ClCompile>
    <ClCompile Include="D:\graph\assimp-3.3.1\code\BlenderModifier.cpp">
      <Filter>BLEND</Filter>
    </ClCompile>
    <ClCompile Include="D:\graph\assimp-3.3.1\code\BlenderBMesh.cpp">
      <Filter>BLEND</Filter>
    </ClCompile>
    <ClCompile Include="D:\graph\assimp-3.3.1\code\BlenderTessellator.cpp">
      <Filter>BLEND</Filter>
    </ClCompile>
    <ClCompile Include="D:\graph\assimp-3.3.1\code\IFCLoader.cpp">
      <Filter>IFC</Filter>
    </ClCompile>
    <ClCompile Include="D:\graph\assimp-3.3.1\code\IFCReaderGen.cpp">
      <Filter>IFC</Filter>
    </ClCompile>
    <ClCompile Include="D:\graph\assimp-3.3.1\code\IFCUtil.cpp">
      <Filter>IFC</Filter>
    </ClCompile>
    <ClCompile Include="D:\graph\assimp-3.3.1\code\IFCGeometry.cpp">
      <Filter>IFC</Filter>
    </ClCompile>
    <ClCompile Include="D:\graph\assimp-3.3.1\code\IFCMaterial.cpp">
      <Filter>IFC</Filter>
    </ClCompile>
    <ClCompile Include="D:\graph\assimp-3.3.1\code\IFCProfile.cpp">
      <Filter>IFC</Filter>
    </ClCompile>
    <ClCompile Include="D:\graph\assimp-3.3.1\code\IFCCurve.cpp">
      <Filter>IFC</Filter>
    </ClCompile>
    <ClCompile Include="D:\graph\assimp-3.3.1\code\IFCBoolean.cpp">
      <Filter>IFC</Filter>
    </ClCompile>
    <ClCompile Include="D:\graph\assimp-3.3.1\code\IFCOpenings.cpp">
      <Filter>IFC</Filter>
    </ClCompile>
    <ClCompile Include="D:\graph\assimp-3.3.1\code\STEPFileReader.cpp">
      <Filter>IFC</Filter>
    </ClCompile>
    <ClCompile Include="D:\graph\assimp-3.3.1\code\STEPFileEncoding.cpp">
      <Filter>IFC</Filter>
    </ClCompile>
    <ClCompile Include="D:\graph\assimp-3.3.1\code\XGLLoader.cpp">
      <Filter>XGL</Filter>
    </ClCompile>
    <ClCompile Include="D:\graph\assimp-3.3.1\code\FBXImporter.cpp">
      <Filter>FBX</Filter>
    </ClCompile>
    <ClCompile Include="D:\graph\assimp-3.3.1\code\FBXParser.cpp">
      <Filter>FBX</Filter>
    </ClCompile>
    <ClCompile Include="D:\graph\assimp-3.3.1\code\FBXTokenizer.cpp">
      <Filter>FBX</Filter>
    </ClCompile>
    <ClCompile Include="D:\graph\assimp-3.3.1\code\FBXConverter.cpp">
      <Filter>FBX</Filter>
    </ClCompile>
    <ClCompile Include="D:\graph\assimp-3.3.1\code\FBXUtil.cpp">
      <Filter>FBX</Filter>
    </ClCompile>
    <ClCompile Include="D:\graph\assimp-3.3.1\code\FBXDocument.cpp">
      <Filter>FBX</Filter>
    </ClCompile>
    <ClCompile Include="D:\graph\assimp-3.3.1\code\FBXProperties.cpp">
      <Filter>FBX</Filter>
    </ClCompile>
    <ClCompile Include="D:\graph\assimp-3.3.1\code\FBXMeshGeometry.cpp">
      <Filter>FBX</Filter>
    </ClCompile>
    <ClCompile Include="D:\graph\assimp-3.3.1\code\FBXMaterial.cpp">
      <Filter>FBX</Filter>
    </ClCompile>
    <ClCompile Include="D:\graph\assimp-3.3.1\code\FBXModel.cpp">
      <Filter>FBX</Filter>
    </ClCompile>
    <ClCompile Include="D:\graph\assimp-3.3.1\code\FBXAnimation.cpp">
      <Filter>FBX</Filter>
    </ClCompile>
    <ClCompile Include="D:\graph\assimp-3.3.1\code\FBXNodeAttribute.cpp">
      <Filter>FBX</Filter>
    </ClCompile>
    <ClCompile Include="D:\graph\assimp-3.3.1\code\FBXDeformer.cpp">
      <Filter>FBX</Filter>
    </ClCompile>
    <ClCompile Include="D:\graph\assimp-3.3.1\code\FBXBinaryTokenizer.cpp">
      <Filter>FBX</Filter>
    </ClCompile>
    <ClCompile Include="D:\graph\assimp-3.3.1\code\FBXDocumentUtil.cpp">
      <Filter>FBX</Filter>
    </ClCompile>
    <ClCompile Include="D:\graph\assimp-3.3.1\code\Q3DLoader.cpp">
      <Filter>Q3D</Filter>
    </ClCompile>
    <ClCompile Include="D:\graph\assimp-3.3.1\code\Q3BSPFileParser.cpp">
      <Filter>Q3BSP</Filter>
    </ClCompile>
    <ClCompile Include="D:\graph\assimp-3.3.1\code\Q3BSPFileImporter.cpp">
      <Filter>Q3BSP</Filter>
    </ClCompile>
    <ClCompile Include="D:\graph\assimp-3.3.1\code\Q3BSPZipArchive.cpp">
      <Filter>Q3BSP</Filter>
    </ClCompile>
    <ClCompile Include="D:\graph\assimp-3.3.1\code\RawLoader.cpp">
      <Filter>RAW</Filter>
    </ClCompile>
    <ClCompile Include="D:\graph\assimp-3.3.1\code\SIBImporter.cpp">
      <Filter>SIB</Filter>
    </ClCompile>
    <ClCompile Include="D:\graph\assimp-3.3.1\code\SMDLoader.cpp">
      <Filter>SMD</Filter>
    </ClCompile>
    <ClCompile Include="D:\graph\assimp-3.3.1\code\STLLoader.cpp">
      <Filter>STL</Filter>
    </ClCompile>
    <ClCompile Include="D:\graph\assimp-3.3.1\code\STLExporter.cpp">
      <Filter>STL</Filter>
    </ClCompile>
    <ClCompile Include="D:\graph\assimp-3.3.1\code\TerragenLoader.cpp">
      <Filter>TERRAGEN</Filter>
    </ClCompile>
    <ClCompile Include="D:\graph\assimp-3.3.1\code\UnrealLoader.cpp">
      <Filter>3D</Filter>
    </ClCompile>
    <ClCompile Include="D:\graph\assimp-3.3.1\code\XFileImporter.cpp">
      <Filter>X</Filter>
    </ClCompile>
    <ClCompile Include="D:\graph\assimp-3.3.1\code\XFileParser.cpp">
      <Filter>X</Filter>
    </ClCompile>
    <ClCompile Include="D:\graph\assimp-3.3.1\code\XFileExporter.cpp">
      <Filter>X</Filter>
    </ClCompile>
    <ClCompile Include="D:\graph\assimp-3.3.1\code\glTFImporter.cpp">
      <Filter>GLTF</Filter>
    </ClCompile>
    <ClCompile Include="D:\graph\assimp-3.3.1\code\glTFExporter.cpp">
      <Filter>GLTF</Filter>
    </ClCompile>
    <ClCompile Include="D:\graph\assimp-3.3.1\code\D3MFImporter.cpp">
      <Filter>3MF</Filter>
    </ClCompile>
    <ClCompile Include="D:\graph\assimp-3.3.1\code\D3MFOpcPackage.cpp">
      <Filter>3MF</Filter>
    </ClCompile>
    <ClCompile Include="D:\graph\assimp-3.3.1\contrib\irrXML\irrXML.cpp">
      <Filter>IrrXML</Filter>
    </ClCompile>
    <ClCompile Include="D:\graph\assimp-3.3.1\contrib\ConvertUTF\ConvertUTF.c">
      <Filter>ConvertUTF</Filter>
    </ClCompile>
    <ClCompile Include="D:\graph\assimp-3.3.1\contrib\unzip\ioapi.c">
      <Filter>unzip</Filter>
    </ClCompile>
    <ClCompile Include="D:\graph\assimp-3.3.1\contrib\unzip\unzip.c">
      <Filter>unzip</Filter>
    </ClCompile>
    <ClCompile Include="D:\graph\assimp-3.3.1\contrib\poly2tri\poly2tri\common\shapes.cc">
      <Filter>Poly2Tri</Filter>
    </ClCompile>
    <ClCompile Include="D:\graph\assimp-3.3.1\contrib\poly2tri\poly2tri\sweep\advancing_front.cc">
      <Filter>Poly2Tri</Filter>
    </ClCompile>
    <ClCompile Include="D:\graph\assimp-3.3.1\contrib\poly2tri\poly2tri\sweep\cdt.cc">
      <Filter>Poly2Tri</Filter>
    </ClCompile>
    <ClCompile Include="D:\graph\assimp-3.3.1\contrib\poly2tri\poly2tri\sweep\sweep.cc">
      <Filter>Poly2Tri</Filter>
    </ClCompile>
    <ClCompile Include="D:\graph\assimp-3.3.1\contrib\poly2tri\poly2tri\sweep\sweep_context.cc">
      <Filter>Poly2Tri</Filter>
    </ClCompile>
    <ClCompile Include="D:\graph\assimp-3.3.1\contrib\clipper\clipper.cpp">
      <Filter>Clipper</Filter>
    </ClCompile>
    <ClCompile Include="D:\graph\assimp-3.3.1\contrib\openddlparser\code\OpenDDLParser.cpp">
      <Filter>openddl_parser</Filter>
    </ClCompile>
    <ClCompile Include="D:\graph\assimp-3.3.1\contrib\openddlparser\code\DDLNode.cpp">
      <Filter>openddl_parser</Filter>
    </ClCompile>
    <ClCompile Include="D:\graph\assimp-3.3.1\contrib\openddlparser\code\OpenDDLCommon.cpp">
      <Filter>openddl_parser</Filter>
    </ClCompile>
    <ClCompile Include="D:\graph\assimp-3.3.1\contrib\openddlparser\code\OpenDDLExport.cpp">
      <Filter>openddl_parser</Filter>
    </ClCompile>
    <ClCompile Include="D:\graph\assimp-3.3.1\contrib\openddlparser\code\Value.cpp">
      <Filter>openddl_parser</Filter>
    </ClCompile>
  </ItemGroup>
  <ItemGroup>
    <ClInclude Include="D:\graph\assimp-3.3.1\code\fast_atof.h">
      <Filter>Common</Filter>
    </ClInclude>
    <ClInclude Include="D:\graph\assimp-3.3.1\code\qnan.h">
      <Filter>Common</Filter>
    </ClInclude>
    <ClInclude Include="D:\graph\assimp-3.3.1\code\BaseImporter.h">
      <Filter>Common</Filter>
    </ClInclude>
    <ClInclude Include="D:\graph\assimp-3.3.1\code\BaseProcess.h">
      <Filter>Common</Filter>
    </ClInclude>
    <ClInclude Include="D:\graph\assimp-3.3.1\code\Importer.h">
      <Filter>Common</Filter>
    </ClInclude>
    <ClInclude Include="D:\graph\assimp-3.3.1\code\ScenePrivate.h">
      <Filter>Common</Filter>
    </ClInclude>
    <ClInclude Include="D:\graph\assimp-3.3.1\code\ByteSwapper.h">
      <Filter>Common</Filter>
    </ClInclude>
    <ClInclude Include="D:\graph\assimp-3.3.1\code\DefaultProgressHandler.h">
      <Filter>Common</Filter>
    </ClInclude>
    <ClInclude Include="D:\graph\assimp-3.3.1\code\DefaultIOStream.h">
      <Filter>Common</Filter>
    </ClInclude>
    <ClInclude Include="D:\graph\assimp-3.3.1\code\DefaultIOSystem.h">
      <Filter>Common</Filter>
    </ClInclude>
    <ClInclude Include="D:\graph\assimp-3.3.1\code\CInterfaceIOWrapper.h">
      <Filter>Common</Filter>
    </ClInclude>
    <ClInclude Include="D:\graph\assimp-3.3.1\code\Hash.h">
      <Filter>Common</Filter>
    </ClInclude>
    <ClInclude Include="D:\graph\assimp-3.3.1\code\IFF.h">
      <Filter>Common</Filter>
    </ClInclude>
    <ClInclude Include="D:\graph\assimp-3.3.1\code\MemoryIOWrapper.h">
      <Filter>Common</Filter>
    </ClInclude>
    <ClInclude Include="D:\graph\assimp-3.3.1\code\ParsingUtils.h">
      <Filter>Common</Filter>
    </ClInclude>
    <ClInclude Include="D:\graph\assimp-3.3.1\code\StreamReader.h">
      <Filter>Common</Filter>
    </ClInclude>
    <ClInclude Include="D:\graph\assimp-3.3.1\code\StreamWriter.h">
      <Filter>Common</Filter>
    </ClInclude>
    <ClInclude Include="D:\graph\assimp-3.3.1\code\StringComparison.h">
      <Filter>Common</Filter>
    </ClInclude>
    <ClInclude Include="D:\graph\assimp-3.3.1\code\StringUtils.h">
      <Filter>Common</Filter>
    </ClInclude>
    <ClInclude Include="D:\graph\assimp-3.3.1\code\SGSpatialSort.h">
      <Filter>Common</Filter>
    </ClInclude>
    <ClInclude Include="D:\graph\assimp-3.3.1\code\VertexTriangleAdjacency.h">
      <Filter>Common</Filter>
    </ClInclude>
    <ClInclude Include="D:\graph\assimp-3.3.1\code\GenericProperty.h">
      <Filter>Common</Filter>
    </ClInclude>
    <ClInclude Include="D:\graph\assimp-3.3.1\code\SpatialSort.h">
      <Filter>Common</Filter>
    </ClInclude>
    <ClInclude Include="D:\graph\assimp-3.3.1\code\SceneCombiner.h">
      <Filter>Common</Filter>
    </ClInclude>
    <ClInclude Include="D:\graph\assimp-3.3.1\code\ScenePreprocessor.h">
      <Filter>Common</Filter>
    </ClInclude>
    <ClInclude Include="D:\graph\assimp-3.3.1\code\SkeletonMeshBuilder.h">
      <Filter>Common</Filter>
    </ClInclude>
    <ClInclude Include="D:\graph\assimp-3.3.1\code\SplitByBoneCountProcess.h">
      <Filter>Common</Filter>
    </ClInclude>
    <ClInclude Include="D:\graph\assimp-3.3.1\code\SmoothingGroups.h">
      <Filter>Common</Filter>
    </ClInclude>
    <ClInclude Include="D:\graph\assimp-3.3.1\code\StandardShapes.h">
      <Filter>Common</Filter>
    </ClInclude>
    <ClInclude Include="D:\graph\assimp-3.3.1\code\TargetAnimation.h">
      <Filter>Common</Filter>
    </ClInclude>
    <ClInclude Include="D:\graph\assimp-3.3.1\code\RemoveComments.h">
      <Filter>Common</Filter>
    </ClInclude>
    <ClInclude Include="D:\graph\assimp-3.3.1\code\Subdivision.h">
      <Filter>Common</Filter>
    </ClInclude>
    <ClInclude Include="D:\graph\assimp-3.3.1\code\Vertex.h">
      <Filter>Common</Filter>
    </ClInclude>
    <ClInclude Include="D:\graph\assimp-3.3.1\code\LineSplitter.h">
      <Filter>Common</Filter>
    </ClInclude>
    <ClInclude Include="D:\graph\assimp-3.3.1\code\TinyFormatter.h">
      <Filter>Common</Filter>
    </ClInclude>
    <ClInclude Include="D:\graph\assimp-3.3.1\code\Profiler.h">
      <Filter>Common</Filter>
    </ClInclude>
    <ClInclude Include="D:\graph\assimp-3.3.1\code\LogAux.h">
      <Filter>Common</Filter>
    </ClInclude>
    <ClInclude Include="D:\graph\assimp-3.3.1\code\Bitmap.h">
      <Filter>Common</Filter>
    </ClInclude>
    <ClInclude Include="D:\graph\assimp-3.3.1\code\XMLTools.h">
      <Filter>Common</Filter>
    </ClInclude>
    <ClInclude Include="D:\graph\assimp-3.3.1\include\assimp\DefaultLogger.hpp">
      <Filter>Logging</Filter>
    </ClInclude>
    <ClInclude Include="D:\graph\assimp-3.3.1\include\assimp\LogStream.hpp">
      <Filter>Logging</Filter>
    </ClInclude>
    <ClInclude Include="D:\graph\assimp-3.3.1\include\assimp\Logger.hpp">
      <Filter>Logging</Filter>
    </ClInclude>
    <ClInclude Include="D:\graph\assimp-3.3.1\include\assimp\NullLogger.hpp">
      <Filter>Logging</Filter>
    </ClInclude>
    <ClInclude Include="D:\graph\assimp-3.3.1\code\Win32DebugLogStream.h">
      <Filter>Logging</Filter>
    </ClInclude>
    <ClInclude Include="D:\graph\assimp-3.3.1\code\FileLogStream.h">
      <Filter>Logging</Filter>
    </ClInclude>
    <ClInclude Include="D:\graph\assimp-3.3.1\code\StdOStreamLogStream.h">
      <Filter>Logging</Filter>
    </ClInclude>
    <ClInclude Include="D:\graph\assimp-3.3.1\code\BlobIOSystem.h">
      <Filter>Exporter</Filter>
    </ClInclude>
    <ClInclude Include="D:\graph\assimp-3.3.1\code\CalcTangentsProcess.h">
      <Filter>PostProcessing</Filter>
    </ClInclude>
    <ClInclude Include="D:\graph\assimp-3.3.1\code\ComputeUVMappingProcess.h">
      <Filter>PostProcessing</Filter>
    </ClInclude>
    <ClInclude Include="D:\graph\assimp-3.3.1\code\ConvertToLHProcess.h">
      <Filter>PostProcessing</Filter>
    </ClInclude>
    <ClInclude Include="D:\graph\assimp-3.3.1\code\FindDegenerates.h">
      <Filter>PostProcessing</Filter>
    </ClInclude>
    <ClInclude Include="D:\graph\assimp-3.3.1\code\FindInstancesProcess.h">
      <Filter>PostProcessing</Filter>
    </ClInclude>
    <ClInclude Include="D:\graph\assimp-3.3.1\code\FindInvalidDataProcess.h">
      <Filter>PostProcessing</Filter>
    </ClInclude>
    <ClInclude Include="D:\graph\assimp-3.3.1\code\FixNormalsStep.h">
      <Filter>PostProcessing</Filter>
    </ClInclude>
    <ClInclude Include="D:\graph\assimp-3.3.1\code\GenFaceNormalsProcess.h">
      <Filter>PostProcessing</Filter>
    </ClInclude>
    <ClInclude Include="D:\graph\assimp-3.3.1\code\GenVertexNormalsProcess.h">
      <Filter>PostProcessing</Filter>
    </ClInclude>
    <ClInclude Include="D:\graph\assimp-3.3.1\code\PretransformVertices.h">
      <Filter>PostProcessing</Filter>
    </ClInclude>
    <ClInclude Include="D:\graph\assimp-3.3.1\code\ImproveCacheLocality.h">
      <Filter>PostProcessing</Filter>
    </ClInclude>
    <ClInclude Include="D:\graph\assimp-3.3.1\code\JoinVerticesProcess.h">
      <Filter>PostProcessing</Filter>
    </ClInclude>
    <ClInclude Include="D:\graph\assimp-3.3.1\code\LimitBoneWeightsProcess.h">
      <Filter>PostProcessing</Filter>
    </ClInclude>
    <ClInclude Include="D:\graph\assimp-3.3.1\code\RemoveRedundantMaterials.h">
      <Filter>PostProcessing</Filter>
    </ClInclude>
    <ClInclude Include="D:\graph\assimp-3.3.1\code\RemoveVCProcess.h">
      <Filter>PostProcessing</Filter>
    </ClInclude>
    <ClInclude Include="D:\graph\assimp-3.3.1\code\SortByPTypeProcess.h">
      <Filter>PostProcessing</Filter>
    </ClInclude>
    <ClInclude Include="D:\graph\assimp-3.3.1\code\SplitLargeMeshes.h">
      <Filter>PostProcessing</Filter>
    </ClInclude>
    <ClInclude Include="D:\graph\assimp-3.3.1\code\TextureTransform.h">
      <Filter>PostProcessing</Filter>
    </ClInclude>
    <ClInclude Include="D:\graph\assimp-3.3.1\code\TriangulateProcess.h">
      <Filter>PostProcessing</Filter>
    </ClInclude>
    <ClInclude Include="D:\graph\assimp-3.3.1\code\ValidateDataStructure.h">
      <Filter>PostProcessing</Filter>
    </ClInclude>
    <ClInclude Include="D:\graph\assimp-3.3.1\code\OptimizeGraph.h">
      <Filter>PostProcessing</Filter>
    </ClInclude>
    <ClInclude Include="D:\graph\assimp-3.3.1\code\OptimizeMeshes.h">
      <Filter>PostProcessing</Filter>
    </ClInclude>
    <ClInclude Include="D:\graph\assimp-3.3.1\code\DeboneProcess.h">
      <Filter>PostProcessing</Filter>
    </ClInclude>
    <ClInclude Include="D:\graph\assimp-3.3.1\code\ProcessHelper.h">
      <Filter>PostProcessing</Filter>
    </ClInclude>
    <ClInclude Include="D:\graph\assimp-3.3.1\code\PolyTools.h">
      <Filter>PostProcessing</Filter>
    </ClInclude>
    <ClInclude Include="D:\graph\assimp-3.3.1\code\MakeVerboseFormat.h">
      <Filter>PostProcessing</Filter>
    </ClInclude>
    <ClInclude Include="D:\graph\assimp-3.3.1\code\MaterialSystem.h">
      <Filter>MaterialSystem</Filter>
    </ClInclude>
    <ClInclude Include="D:\graph\assimp-3.3.1\code\StepExporter.h">
      <Filter>Step</Filter>
    </ClInclude>
    <ClInclude Include="D:\graph\assimp-3.3.1\code\3DSHelper.h">
      <Filter>3DS</Filter>
    </ClInclude>
    <ClInclude Include="D:\graph\assimp-3.3.1\code\3DSLoader.h">
      <Filter>3DS</Filter>
    </ClInclude>
    <ClInclude Include="D:\graph\assimp-3.3.1\code\3DSExporter.h">
      <Filter>3DS</Filter>
    </ClInclude>
    <ClInclude Include="D:\graph\assimp-3.3.1\code\ACLoader.h">
      <Filter>AC</Filter>
    </ClInclude>
    <ClInclude Include="D:\graph\assimp-3.3.1\code\ASELoader.h">
      <Filter>ASE</Filter>
    </ClInclude>
    <ClInclude Include="D:\graph\assimp-3.3.1\code\ASEParser.h">
      <Filter>ASE</Filter>
    </ClInclude>
    <ClInclude Include="D:\graph\assimp-3.3.1\code\AssbinExporter.h">
      <Filter>ASSBIN</Filter>
    </ClInclude>
    <ClInclude Include="D:\graph\assimp-3.3.1\code\AssbinLoader.h">
      <Filter>ASSBIN</Filter>
    </ClInclude>
    <ClInclude Include="D:\graph\assimp-3.3.1\code\AssxmlExporter.h">
      <Filter>ASSXML</Filter>
    </ClInclude>
    <ClInclude Include="D:\graph\assimp-3.3.1\code\B3DImporter.h">
      <Filter>B3D</Filter>
    </ClInclude>
    <ClInclude Include="D:\graph\assimp-3.3.1\code\BVHLoader.h">
      <Filter>BVH</Filter>
    </ClInclude>
    <ClInclude Include="D:\graph\assimp-3.3.1\code\ColladaHelper.h">
      <Filter>COLLADA</Filter>
    </ClInclude>
    <ClInclude Include="D:\graph\assimp-3.3.1\code\ColladaLoader.h">
      <Filter>COLLADA</Filter>
    </ClInclude>
    <ClInclude Include="D:\graph\assimp-3.3.1\code\ColladaParser.h">
      <Filter>COLLADA</Filter>
    </ClInclude>
    <ClInclude Include="D:\graph\assimp-3.3.1\code\ColladaExporter.h">
      <Filter>COLLADA</Filter>
    </ClInclude>
    <ClInclude Include="D:\graph\assimp-3.3.1\code\DXFLoader.h">
      <Filter>DXF</Filter>
    </ClInclude>
    <ClInclude Include="D:\graph\assimp-3.3.1\code\DXFHelper.h">
      <Filter>DXF</Filter>
    </ClInclude>
    <ClInclude Include="D:\graph\assimp-3.3.1\code\CSMLoader.h">
      <Filter>CSM</Filter>
    </ClInclude>
    <ClInclude Include="D:\graph\assimp-3.3.1\code\HMPFileData.h">
      <Filter>HMP</Filter>
    </ClInclude>
    <ClInclude Include="D:\graph\assimp-3.3.1\code\HMPLoader.h">
      <Filter>HMP</Filter>
    </ClInclude>
    <ClInclude Include="D:\graph\assimp-3.3.1\code\HalfLifeFileData.h">
      <Filter>HMP</Filter>
    </ClInclude>
    <ClInclude Include="D:\graph\assimp-3.3.1\code\IRRMeshLoader.h">
      <Filter>IRRMESH</Filter>
    </ClInclude>
    <ClInclude Include="D:\graph\assimp-3.3.1\code\IRRShared.h">
      <Filter>IRR</Filter>
    </ClInclude>
    <ClInclude Include="D:\graph\assimp-3.3.1\code\IRRLoader.h">
      <Filter>IRR</Filter>
    </ClInclude>
    <ClInclude Include="D:\graph\assimp-3.3.1\code\LWOAnimation.h">
      <Filter>LWO</Filter>
    </ClInclude>
    <ClInclude Include="D:\graph\assimp-3.3.1\code\LWOFileData.h">
      <Filter>LWO</Filter>
    </ClInclude>
    <ClInclude Include="D:\graph\assimp-3.3.1\code\LWOLoader.h">
      <Filter>LWO</Filter>
    </ClInclude>
    <ClInclude Include="D:\graph\assimp-3.3.1\code\LWSLoader.h">
      <Filter>LWS</Filter>
    </ClInclude>
    <ClInclude Include="D:\graph\assimp-3.3.1\code\MD2FileData.h">
      <Filter>MD2</Filter>
    </ClInclude>
    <ClInclude Include="D:\graph\assimp-3.3.1\code\MD2Loader.h">
      <Filter>MD2</Filter>
    </ClInclude>
    <ClInclude Include="D:\graph\assimp-3.3.1\code\MD2NormalTable.h">
      <Filter>MD2</Filter>
    </ClInclude>
    <ClInclude Include="D:\graph\assimp-3.3.1\code\MD3FileData.h">
      <Filter>MD3</Filter>
    </ClInclude>
    <ClInclude Include="D:\graph\assimp-3.3.1\code\MD3Loader.h">
      <Filter>MD3</Filter>
    </ClInclude>
    <ClInclude Include="D:\graph\assimp-3.3.1\code\MD5Loader.h">
      <Filter>MD5</Filter>
    </ClInclude>
    <ClInclude Include="D:\graph\assimp-3.3.1\code\MD5Parser.h">
      <Filter>MD5</Filter>
    </ClInclude>
    <ClInclude Include="D:\graph\assimp-3.3.1\code\MDCFileData.h">
      <Filter>MDC</Filter>
    </ClInclude>
    <ClInclude Include="D:\graph\assimp-3.3.1\code\MDCLoader.h">
      <Filter>MDC</Filter>
    </ClInclude>
    <ClInclude Include="D:\graph\assimp-3.3.1\code\MDCNormalTable.h">
      <Filter>MDC</Filter>
    </ClInclude>
    <ClInclude Include="D:\graph\assimp-3.3.1\code\MDLDefaultColorMap.h">
      <Filter>MDL</Filter>
    </ClInclude>
    <ClInclude Include="D:\graph\assimp-3.3.1\code\MDLFileData.h">
      <Filter>MDL</Filter>
    </ClInclude>
    <ClInclude Include="D:\graph\assimp-3.3.1\code\MDLLoader.h">
      <Filter>MDL</Filter>
    </ClInclude>
    <ClInclude Include="D:\graph\assimp-3.3.1\code\NFFLoader.h">
      <Filter>NFF</Filter>
    </ClInclude>
    <ClInclude Include="D:\graph\assimp-3.3.1\code\NDOLoader.h">
      <Filter>NDO</Filter>
    </ClInclude>
    <ClInclude Include="D:\graph\assimp-3.3.1\code\OFFLoader.h">
      <Filter>OFF</Filter>
    </ClInclude>
    <ClInclude Include="D:\graph\assimp-3.3.1\code\ObjFileData.h">
      <Filter>OBJ</Filter>
    </ClInclude>
    <ClInclude Include="D:\graph\assimp-3.3.1\code\ObjFileImporter.h">
      <Filter>OBJ</Filter>
    </ClInclude>
    <ClInclude Include="D:\graph\assimp-3.3.1\code\ObjFileMtlImporter.h">
      <Filter>OBJ</Filter>
    </ClInclude>
    <ClInclude Include="D:\graph\assimp-3.3.1\code\ObjFileParser.h">
      <Filter>OBJ</Filter>
    </ClInclude>
    <ClInclude Include="D:\graph\assimp-3.3.1\code\ObjTools.h">
      <Filter>OBJ</Filter>
    </ClInclude>
    <ClInclude Include="D:\graph\assimp-3.3.1\code\ObjExporter.h">
      <Filter>OBJ</Filter>
    </ClInclude>
    <ClInclude Include="D:\graph\assimp-3.3.1\code\OgreImporter.h">
      <Filter>OGRE</Filter>
    </ClInclude>
    <ClInclude Include="D:\graph\assimp-3.3.1\code\OgreStructs.h">
      <Filter>OGRE</Filter>
    </ClInclude>
    <ClInclude Include="D:\graph\assimp-3.3.1\code\OgreParsingUtils.h">
      <Filter>OGRE</Filter>
    </ClInclude>
    <ClInclude Include="D:\graph\assimp-3.3.1\code\OgreBinarySerializer.h">
      <Filter>OGRE</Filter>
    </ClInclude>
    <ClInclude Include="D:\graph\assimp-3.3.1\code\OgreXmlSerializer.h">
      <Filter>OGRE</Filter>
    </ClInclude>
    <ClInclude Include="D:\graph\assimp-3.3.1\code\OpenGEXExporter.h">
      <Filter>OPENGEX</Filter>
    </ClInclude>
    <ClInclude Include="D:\graph\assimp-3.3.1\code\OpenGEXImporter.h">
      <Filter>OPENGEX</Filter>
    </ClInclude>
    <ClInclude Include="D:\graph\assimp-3.3.1\code\OpenGEXStructs.h">
      <Filter>OPENGEX</Filter>
    </ClInclude>
    <ClInclude Include="D:\graph\assimp-3.3.1\code\PlyLoader.h">
      <Filter>PLY</Filter>
    </ClInclude>
    <ClInclude Include="D:\graph\assimp-3.3.1\code\PlyParser.h">
      <Filter>PLY</Filter>
    </ClInclude>
    <ClInclude Include="D:\graph\assimp-3.3.1\code\PlyExporter.h">
      <Filter>PLY</Filter>
    </ClInclude>
    <ClInclude Include="D:\graph\assimp-3.3.1\code\MS3DLoader.h">
      <Filter>MS3D</Filter>
    </ClInclude>
    <ClInclude Include="D:\graph\assimp-3.3.1\code\COBLoader.h">
      <Filter>COB</Filter>
    </ClInclude>
    <ClInclude Include="D:\graph\assimp-3.3.1\code\COBScene.h">
      <Filter>COB</Filter>
    </ClInclude>
    <ClInclude Include="D:\graph\assimp-3.3.1\code\BlenderLoader.h">
      <Filter>BLEND</Filter>
    </ClInclude>
    <ClInclude Include="D:\graph\assimp-3.3.1\code\BlenderDNA.h">
      <Filter>BLEND</Filter>
    </ClInclude>
    <ClInclude Include="D:\graph\assimp-3.3.1\code\BlenderDNA.inl">
      <Filter>BLEND</Filter>
    </ClInclude>
    <ClInclude Include="D:\graph\assimp-3.3.1\code\BlenderScene.h">
      <Filter>BLEND</Filter>
    </ClInclude>
    <ClInclude Include="D:\graph\assimp-3.3.1\code\BlenderSceneGen.h">
      <Filter>BLEND</Filter>
    </ClInclude>
    <ClInclude Include="D:\graph\assimp-3.3.1\code\BlenderIntermediate.h">
      <Filter>BLEND</Filter>
    </ClInclude>
    <ClInclude Include="D:\graph\assimp-3.3.1\code\BlenderModifier.h">
      <Filter>BLEND</Filter>
    </ClInclude>
    <ClInclude Include="D:\graph\assimp-3.3.1\code\BlenderBMesh.h">
      <Filter>BLEND</Filter>
    </ClInclude>
    <ClInclude Include="D:\graph\assimp-3.3.1\code\BlenderTessellator.h">
      <Filter>BLEND</Filter>
    </ClInclude>
    <ClInclude Include="D:\graph\assimp-3.3.1\code\IFCLoader.h">
      <Filter>IFC</Filter>
    </ClInclude>
    <ClInclude Include="D:\graph\assimp-3.3.1\code\IFCReaderGen.h">
      <Filter>IFC</Filter>
    </ClInclude>
    <ClInclude Include="D:\graph\assimp-3.3.1\code\IFCUtil.h">
      <Filter>IFC</Filter>
    </ClInclude>
    <ClInclude Include="D:\graph\assimp-3.3.1\code\STEPFile.h">
      <Filter>IFC</Filter>
    </ClInclude>
    <ClInclude Include="D:\graph\assimp-3.3.1\code\STEPFileReader.h">
      <Filter>IFC</Filter>
    </ClInclude>
    <ClInclude Include="D:\graph\assimp-3.3.1\code\STEPFileEncoding.h">
      <Filter>IFC</Filter>
    </ClInclude>
    <ClInclude Include="D:\graph\assimp-3.3.1\code\XGLLoader.h">
      <Filter>XGL</Filter>
    </ClInclude>
    <ClInclude Include="D:\graph\assimp-3.3.1\code\FBXCompileConfig.h">
      <Filter>FBX</Filter>
    </ClInclude>
    <ClInclude Include="D:\graph\assimp-3.3.1\code\FBXImporter.h">
      <Filter>FBX</Filter>
    </ClInclude>
    <ClInclude Include="D:\graph\assimp-3.3.1\code\FBXParser.h">
      <Filter>FBX</Filter>
    </ClInclude>
    <ClInclude Include="D:\graph\assimp-3.3.1\code\FBXTokenizer.h">
      <Filter>FBX</Filter>
    </ClInclude>
    <ClInclude Include="D:\graph\assimp-3.3.1\code\FBXImportSettings.h">
      <Filter>FBX</Filter>
    </ClInclude>
    <ClInclude Include="D:\graph\assimp-3.3.1\code\FBXConverter.h">
      <Filter>FBX</Filter>
    </ClInclude>
    <ClInclude Include="D:\graph\assimp-3.3.1\code\FBXUtil.h">
      <Filter>FBX</Filter>
    </ClInclude>
    <ClInclude Include="D:\graph\assimp-3.3.1\code\FBXDocument.h">
      <Filter>FBX</Filter>
    </ClInclude>
    <ClInclude Include="D:\graph\assimp-3.3.1\code\FBXProperties.h">
      <Filter>FBX</Filter>
    </ClInclude>
    <ClInclude Include="D:\graph\assimp-3.3.1\code\FBXMeshGeometry.h">
      <Filter>FBX</Filter>
    </ClInclude>
    <ClInclude Include="D:\graph\assimp-3.3.1\code\Q3DLoader.h">
      <Filter>Q3D</Filter>
    </ClInclude>
    <ClInclude Include="D:\graph\assimp-3.3.1\code\Q3BSPFileData.h">
      <Filter>Q3BSP</Filter>
    </ClInclude>
    <ClInclude Include="D:\graph\assimp-3.3.1\code\Q3BSPFileParser.h">
      <Filter>Q3BSP</Filter>
    </ClInclude>
    <ClInclude Include="D:\graph\assimp-3.3.1\code\Q3BSPFileImporter.h">
      <Filter>Q3BSP</Filter>
    </ClInclude>
    <ClInclude Include="D:\graph\assimp-3.3.1\code\Q3BSPZipArchive.h">
      <Filter>Q3BSP</Filter>
    </ClInclude>
    <ClInclude Include="D:\graph\assimp-3.3.1\code\RawLoader.h">
      <Filter>RAW</Filter>
    </ClInclude>
    <ClInclude Include="D:\graph\assimp-3.3.1\code\SIBImporter.h">
      <Filter>SIB</Filter>
    </ClInclude>
    <ClInclude Include="D:\graph\assimp-3.3.1\code\SMDLoader.h">
      <Filter>SMD</Filter>
    </ClInclude>
    <ClInclude Include="D:\graph\assimp-3.3.1\code\STLLoader.h">
      <Filter>STL</Filter>
    </ClInclude>
    <ClInclude Include="D:\graph\assimp-3.3.1\code\STLExporter.h">
      <Filter>STL</Filter>
    </ClInclude>
    <ClInclude Include="D:\graph\assimp-3.3.1\code\TerragenLoader.h">
      <Filter>TERRAGEN</Filter>
    </ClInclude>
    <ClInclude Include="D:\graph\assimp-3.3.1\code\UnrealLoader.h">
      <Filter>3D</Filter>
    </ClInclude>
    <ClInclude Include="D:\graph\assimp-3.3.1\code\XFileHelper.h">
      <Filter>X</Filter>
    </ClInclude>
    <ClInclude Include="D:\graph\assimp-3.3.1\code\XFileImporter.h">
      <Filter>X</Filter>
    </ClInclude>
    <ClInclude Include="D:\graph\assimp-3.3.1\code\XFileParser.h">
      <Filter>X</Filter>
    </ClInclude>
    <ClInclude Include="D:\graph\assimp-3.3.1\code\XFileExporter.h">
      <Filter>X</Filter>
    </ClInclude>
    <ClInclude Include="D:\graph\assimp-3.3.1\code\glTFAsset.h">
      <Filter>GLTF</Filter>
    </ClInclude>
    <ClInclude Include="D:\graph\assimp-3.3.1\code\glTFAsset.inl">
      <Filter>GLTF</Filter>
    </ClInclude>
    <ClInclude Include="D:\graph\assimp-3.3.1\code\glTFAssetWriter.h">
      <Filter>GLTF</Filter>
    </ClInclude>
    <ClInclude Include="D:\graph\assimp-3.3.1\code\glTFAssetWriter.inl">
      <Filter>GLTF</Filter>
    </ClInclude>
    <ClInclude Include="D:\graph\assimp-3.3.1\code\glTFImporter.h">
      <Filter>GLTF</Filter>
    </ClInclude>
    <ClInclude Include="D:\graph\assimp-3.3.1\code\glTFExporter.h">
      <Filter>GLTF</Filter>
    </ClInclude>
    <ClInclude Include="D:\graph\assimp-3.3.1\code\D3MFImporter.h">
      <Filter>3MF</Filter>
    </ClInclude>
    <ClInclude Include="D:\graph\assimp-3.3.1\code\D3MFOpcPackage.h">
      <Filter>3MF</Filter>
    </ClInclude>
    <ClInclude Include="D:\graph\assimp-3.3.1\code\irrXMLWrapper.h">
      <Filter>IrrXML</Filter>
    </ClInclude>
    <ClInclude Include="D:\graph\assimp-3.3.1\contrib\irrXML\CXMLReaderImpl.h">
      <Filter>IrrXML</Filter>
    </ClInclude>
    <ClInclude Include="D:\graph\assimp-3.3.1\contrib\irrXML\heapsort.h">
      <Filter>IrrXML</Filter>
    </ClInclude>
    <ClInclude Include="D:\graph\assimp-3.3.1\contrib\irrXML\irrArray.h">
      <Filter>IrrXML</Filter>
    </ClInclude>
    <ClInclude Include="D:\graph\assimp-3.3.1\contrib\irrXML\irrString.h">
      <Filter>IrrXML</Filter>
    </ClInclude>
    <ClInclude Include="D:\graph\assimp-3.3.1\contrib\irrXML\irrTypes.h">
      <Filter>IrrXML</Filter>
    </ClInclude>
    <ClInclude Include="D:\graph\assimp-3.3.1\contrib\irrXML\irrXML.h">
      <Filter>IrrXML</Filter>
    </ClInclude>
    <ClInclude Include="D:\graph\assimp-3.3.1\contrib\ConvertUTF\ConvertUTF.h">
      <Filter>ConvertUTF</Filter>
    </ClInclude>
    <ClInclude Include="D:\graph\assimp-3.3.1\contrib\unzip\crypt.h">
      <Filter>unzip</Filter>
    </ClInclude>
    <ClInclude Include="D:\graph\assimp-3.3.1\contrib\unzip\ioapi.h">
      <Filter>unzip</Filter>
    </ClInclude>
    <ClInclude Include="D:\graph\assimp-3.3.1\contrib\unzip\unzip.h">
      <Filter>unzip</Filter>
    </ClInclude>
    <ClInclude Include="D:\graph\assimp-3.3.1\contrib\poly2tri\poly2tri\common\shapes.h">
      <Filter>Poly2Tri</Filter>
    </ClInclude>
    <ClInclude Include="D:\graph\assimp-3.3.1\contrib\poly2tri\poly2tri\common\utils.h">
      <Filter>Poly2Tri</Filter>
    </ClInclude>
    <ClInclude Include="D:\graph\assimp-3.3.1\contrib\poly2tri\poly2tri\sweep\advancing_front.h">
      <Filter>Poly2Tri</Filter>
    </ClInclude>
    <ClInclude Include="D:\graph\assimp-3.3.1\contrib\poly2tri\poly2tri\sweep\cdt.h">
      <Filter>Poly2Tri</Filter>
    </ClInclude>
    <ClInclude Include="D:\graph\assimp-3.3.1\contrib\poly2tri\poly2tri\sweep\sweep.h">
      <Filter>Poly2Tri</Filter>
    </ClInclude>
    <ClInclude Include="D:\graph\assimp-3.3.1\contrib\poly2tri\poly2tri\sweep\sweep_context.h">
      <Filter>Poly2Tri</Filter>
    </ClInclude>
    <ClInclude Include="D:\graph\assimp-3.3.1\contrib\clipper\clipper.hpp">
      <Filter>Clipper</Filter>
    </ClInclude>
    <ClInclude Include="D:\graph\assimp-3.3.1\contrib\openddlparser\include\openddlparser\OpenDDLParser.h">
      <Filter>openddl_parser</Filter>
    </ClInclude>
    <ClInclude Include="D:\graph\assimp-3.3.1\contrib\openddlparser\include\openddlparser\OpenDDLParserUtils.h">
      <Filter>openddl_parser</Filter>
    </ClInclude>
    <ClInclude Include="D:\graph\assimp-3.3.1\contrib\openddlparser\include\openddlparser\OpenDDLCommon.h">
      <Filter>openddl_parser</Filter>
    </ClInclude>
    <ClInclude Include="D:\graph\assimp-3.3.1\contrib\openddlparser\include\openddlparser\OpenDDLExport.h">
      <Filter>openddl_parser</Filter>
    </ClInclude>
    <ClInclude Include="D:\graph\assimp-3.3.1\contrib\openddlparser\include\openddlparser\DDLNode.h">
      <Filter>openddl_parser</Filter>
    </ClInclude>
    <ClInclude Include="D:\graph\assimp-3.3.1\contrib\openddlparser\include\openddlparser\Value.h">
      <Filter>openddl_parser</Filter>
    </ClInclude>
    <ClInclude Include="D:\graph\assimp-3.3.1\include\assimp\anim.h">
      <Filter>Header Files</Filter>
    </ClInclude>
    <ClInclude Include="D:\graph\assimp-3.3.1\include\assimp\ai_assert.h">
      <Filter>Header Files</Filter>
    </ClInclude>
    <ClInclude Include="D:\graph\assimp-3.3.1\include\assimp\camera.h">
      <Filter>Header Files</Filter>
    </ClInclude>
    <ClInclude Include="D:\graph\assimp-3.3.1\include\assimp\color4.h">
      <Filter>Header Files</Filter>
    </ClInclude>
    <ClInclude Include="D:\graph\assimp-3.3.1\include\assimp\color4.inl">
      <Filter>Header Files</Filter>
    </ClInclude>
    <ClInclude Include="D:\graph\assimp-3.3.1\include\assimp\config.h">
      <Filter>Header Files</Filter>
    </ClInclude>
    <ClInclude Include="D:\graph\assimp-3.3.1\include\assimp\defs.h">
      <Filter>Header Files</Filter>
    </ClInclude>
    <ClInclude Include="D:\graph\assimp-3.3.1\include\assimp\cfileio.h">
      <Filter>Header Files</Filter>
    </ClInclude>
    <ClInclude Include="D:\graph\assimp-3.3.1\include\assimp\light.h">
      <Filter>Header Files</Filter>
    </ClInclude>
    <ClInclude Include="D:\graph\assimp-3.3.1\include\assimp\material.h">
      <Filter>Header Files</Filter>
    </ClInclude>
    <ClInclude Include="D:\graph\assimp-3.3.1\include\assimp\material.inl">
      <Filter>Header Files</Filter>
    </ClInclude>
    <ClInclude Include="D:\graph\assimp-3.3.1\include\assimp\matrix3x3.h">
      <Filter>Header Files</Filter>
    </ClInclude>
    <ClInclude Include="D:\graph\assimp-3.3.1\include\assimp\matrix3x3.inl">
      <Filter>Header Files</Filter>
    </ClInclude>
    <ClInclude Include="D:\graph\assimp-3.3.1\include\assimp\matrix4x4.h">
      <Filter>Header Files</Filter>
    </ClInclude>
    <ClInclude Include="D:\graph\assimp-3.3.1\include\assimp\matrix4x4.inl">
      <Filter>Header Files</Filter>
    </ClInclude>
    <ClInclude Include="D:\graph\assimp-3.3.1\include\assimp\mesh.h">
      <Filter>Header Files</Filter>
    </ClInclude>
    <ClInclude Include="D:\graph\assimp-3.3.1\include\assimp\postprocess.h">
      <Filter>Header Files</Filter>
    </ClInclude>
    <ClInclude Include="D:\graph\assimp-3.3.1\include\assimp\quaternion.h">
      <Filter>Header Files</Filter>
    </ClInclude>
    <ClInclude Include="D:\graph\assimp-3.3.1\include\assimp\quaternion.inl">
      <Filter>Header Files</Filter>
    </ClInclude>
    <ClInclude Include="D:\graph\assimp-3.3.1\include\assimp\scene.h">
      <Filter>Header Files</Filter>
    </ClInclude>
    <ClInclude Include="D:\graph\assimp-3.3.1\include\assimp\metadata.h">
      <Filter>Header Files</Filter>
    </ClInclude>
    <ClInclude Include="D:\graph\assimp-3.3.1\include\assimp\texture.h">
      <Filter>Header Files</Filter>
    </ClInclude>
    <ClInclude Include="D:\graph\assimp-3.3.1\include\assimp\types.h">
      <Filter>Header Files</Filter>
    </ClInclude>
    <ClInclude Include="D:\graph\assimp-3.3.1\include\assimp\vector2.h">
      <Filter>Header Files</Filter>
    </ClInclude>
    <ClInclude Include="D:\graph\assimp-3.3.1\include\assimp\vector2.inl">
      <Filter>Header Files</Filter>
    </ClInclude>
    <ClInclude Include="D:\graph\assimp-3.3.1\include\assimp\vector3.h">
      <Filter>Header Files</Filter>
    </ClInclude>
    <ClInclude Include="D:\graph\assimp-3.3.1\include\assimp\vector3.inl">
      <Filter>Header Files</Filter>
    </ClInclude>
    <ClInclude Include="D:\graph\assimp-3.3.1\include\assimp\version.h">
      <Filter>Header Files</Filter>
    </ClInclude>
    <ClInclude Include="D:\graph\assimp-3.3.1\include\assimp\cimport.h">
      <Filter>Header Files</Filter>
    </ClInclude>
    <ClInclude Include="D:\graph\assimp-3.3.1\include\assimp\importerdesc.h">
      <Filter>Header Files</Filter>
    </ClInclude>
    <ClInclude Include="D:\graph\assimp-3.3.1\include\assimp\Importer.hpp">
      <Filter>Header Files</Filter>
    </ClInclude>
    <ClInclude Include="D:\graph\assimp-3.3.1\include\assimp\ProgressHandler.hpp">
      <Filter>Header Files</Filter>
    </ClInclude>
    <ClInclude Include="D:\graph\assimp-3.3.1\include\assimp\IOStream.hpp">
      <Filter>Header Files</Filter>
    </ClInclude>
    <ClInclude Include="D:\graph\assimp-3.3.1\include\assimp\IOSystem.hpp">
      <Filter>Header Files</Filter>
    </ClInclude>
    <ClInclude Include="D:\graph\assimp-3.3.1\include\assimp\cexport.h">
      <Filter>Header Files</Filter>
    </ClInclude>
    <ClInclude Include="D:\graph\assimp-3.3.1\include\assimp\Exporter.hpp">
      <Filter>Header Files</Filter>
    </ClInclude>
    <ClInclude Include="D:\graph\assimp-3.3.1\include\assimp\Compiler\pushpack1.h">
      <Filter>Compiler</Filter>
    </ClInclude>
    <ClInclude Include="D:\graph\assimp-3.3.1\include\assimp\Compiler\poppack1.h">
      <Filter>Compiler</Filter>
    </ClInclude>
    <ClInclude Include="D:\graph\assimp-3.3.1\include\assimp\Compiler\pstdint.h">
      <Filter>Compiler</Filter>
    </ClInclude>
  </ItemGroup>
  <ItemGroup>
    <CustomBuild Include="D:\graph\assimp-3.3.1\code\CMakeLists.txt" />
  </ItemGroup>
  <ItemGroup>
    <Filter Include="3D">
      <UniqueIdentifier>{16F31D84-37D2-3C2A-AA3B-E812DCC8F9BF}</UniqueIdentifier>
    </Filter>
    <Filter Include="3DS">
      <UniqueIdentifier>{347077FE-5C57-3478-8BF3-521097C092F8}</UniqueIdentifier>
    </Filter>
    <Filter Include="3MF">
      <UniqueIdentifier>{4DB64ACB-9CB3-37FD-B917-A08AFA1B7EBA}</UniqueIdentifier>
    </Filter>
    <Filter Include="AC">
      <UniqueIdentifier>{B6F450E0-79A2-3405-8460-374BE0ACDBF6}</UniqueIdentifier>
    </Filter>
    <Filter Include="ASE">
      <UniqueIdentifier>{08B9A3D2-1F71-36B9-9CB9-1F7ABA95C70E}</UniqueIdentifier>
    </Filter>
    <Filter Include="ASSBIN">
      <UniqueIdentifier>{0F44B05E-E463-3405-9FD2-8654C81AB452}</UniqueIdentifier>
    </Filter>
    <Filter Include="ASSXML">
      <UniqueIdentifier>{994A522D-3A37-3EC0-96E8-2307ACB7708C}</UniqueIdentifier>
    </Filter>
    <Filter Include="B3D">
      <UniqueIdentifier>{A10ABEF8-7962-3E48-97FF-A1B15044EA92}</UniqueIdentifier>
    </Filter>
    <Filter Include="BLEND">
      <UniqueIdentifier>{9C03A4F3-0134-3196-AA72-1D9FED09DA76}</UniqueIdentifier>
    </Filter>
    <Filter Include="BVH">
      <UniqueIdentifier>{F57B2BCD-FB26-379F-B944-3FA9E2CCC1B7}</UniqueIdentifier>
    </Filter>
    <Filter Include="COB">
      <UniqueIdentifier>{EBBF8684-1BF5-360A-ABE9-A4C54DD84119}</UniqueIdentifier>
    </Filter>
    <Filter Include="COLLADA">
      <UniqueIdentifier>{180EED68-CCF4-3843-862B-8D10CBC47C5E}</UniqueIdentifier>
    </Filter>
    <Filter Include="CSM">
      <UniqueIdentifier>{50538943-990B-3A8D-8732-4874A5A78BC0}</UniqueIdentifier>
    </Filter>
    <Filter Include="Clipper">
      <UniqueIdentifier>{9C618B42-C971-3ABD-ACD6-42E0861A7D9E}</UniqueIdentifier>
    </Filter>
    <Filter Include="Common">
      <UniqueIdentifier>{9DE62F60-9809-308F-B3AA-85B9D503C74B}</UniqueIdentifier>
    </Filter>
    <Filter Include="Compiler">
      <UniqueIdentifier>{9FCA5D74-278D-3D7E-8A8B-2376129C9105}</UniqueIdentifier>
    </Filter>
    <Filter Include="ConvertUTF">
      <UniqueIdentifier>{F0914A39-6A9D-3F6A-B2CC-B521FB929116}</UniqueIdentifier>
    </Filter>
    <Filter Include="DXF">
      <UniqueIdentifier>{699ABA9A-33F4-3800-ADF8-78AAFBB1FCBB}</UniqueIdentifier>
    </Filter>
    <Filter Include="Exporter">
      <UniqueIdentifier>{BC63E3E2-ECAF-3AAF-B97E-1173A7DBF391}</UniqueIdentifier>
    </Filter>
    <Filter Include="FBX">
      <UniqueIdentifier>{A24B2830-E66E-3AC1-ACD0-A0BF202445A7}</UniqueIdentifier>
    </Filter>
    <Filter Include="GLTF">
      <UniqueIdentifier>{EB2BDE83-962F-3A71-AAE3-BEE4F751D5E9}</UniqueIdentifier>
    </Filter>
    <Filter Include="HMP">
      <UniqueIdentifier>{CDDC1D29-250E-3BE9-A423-4C99F8B4781D}</UniqueIdentifier>
    </Filter>
    <Filter Include="Header Files">
      <UniqueIdentifier>{5A0125E5-DDFA-37BF-9B0B-276233843A9A}</UniqueIdentifier>
    </Filter>
    <Filter Include="IFC">
      <UniqueIdentifier>{CDC2D7CA-99D5-3AA0-9768-2C0515080F55}</UniqueIdentifier>
    </Filter>
    <Filter Include="IRR">
      <UniqueIdentifier>{4A78BFAB-2089-3902-8DFC-81FD4C9387F3}</UniqueIdentifier>
    </Filter>
    <Filter Include="IRRMESH">
      <UniqueIdentifier>{632C7C42-5B52-392E-BE06-B9CC8CCCDB69}</UniqueIdentifier>
    </Filter>
    <Filter Include="IrrXML">
      <UniqueIdentifier>{5AA0621E-1C17-39DC-9356-9B292674E2A6}</UniqueIdentifier>
    </Filter>
    <Filter Include="LWO">
      <UniqueIdentifier>{8B4622DC-6CE0-3A0D-AEC1-D3DD9CB1913D}</UniqueIdentifier>
    </Filter>
    <Filter Include="LWS">
      <UniqueIdentifier>{A69FCC03-771D-37B2-ACA5-0F076E3FBAEE}</UniqueIdentifier>
    </Filter>
    <Filter Include="Logging">
      <UniqueIdentifier>{7292CFD5-FC44-34D7-9C2C-1E02C7E55C15}</UniqueIdentifier>
    </Filter>
    <Filter Include="MD2">
      <UniqueIdentifier>{6328E2D6-2044-3367-842E-80A3ED7A1016}</UniqueIdentifier>
    </Filter>
    <Filter Include="MD3">
      <UniqueIdentifier>{E3ED63BF-1D20-3784-8D87-FB71CED5CCBB}</UniqueIdentifier>
    </Filter>
    <Filter Include="MD5">
      <UniqueIdentifier>{D4BE60AC-095D-37E6-98A2-6B4DB96B5AA7}</UniqueIdentifier>
    </Filter>
    <Filter Include="MDC">
      <UniqueIdentifier>{B0C9227F-012B-30FD-9EA5-A7119D70D2AC}</UniqueIdentifier>
    </Filter>
    <Filter Include="MDL">
      <UniqueIdentifier>{B6AD7385-3301-3482-B7CE-A30E9854A898}</UniqueIdentifier>
    </Filter>
    <Filter Include="MS3D">
      <UniqueIdentifier>{4EFE8639-B7A2-37D1-A860-5588318B07E3}</UniqueIdentifier>
    </Filter>
    <Filter Include="MaterialSystem">
      <UniqueIdentifier>{1B8FCF89-2378-3C82-B726-5906387D67D7}</UniqueIdentifier>
    </Filter>
    <Filter Include="NDO">
      <UniqueIdentifier>{BF325002-6994-3D59-89F6-FAB6F029D429}</UniqueIdentifier>
    </Filter>
    <Filter Include="NFF">
      <UniqueIdentifier>{769D2C15-F21B-3D81-99D9-B4288AE707E5}</UniqueIdentifier>
    </Filter>
    <Filter Include="OBJ">
      <UniqueIdentifier>{7982B0FB-58C5-31D2-992E-72F3ACEBDF7E}</UniqueIdentifier>
    </Filter>
    <Filter Include="OFF">
      <UniqueIdentifier>{6E5D324B-9152-3507-BA2A-E67A44B9B5F1}</UniqueIdentifier>
    </Filter>
    <Filter Include="OGRE">
      <UniqueIdentifier>{1B1DF582-A921-3EF2-8E1D-76E56BA17041}</UniqueIdentifier>
    </Filter>
    <Filter Include="OPENGEX">
      <UniqueIdentifier>{5BA477BA-E337-3073-9A1E-4266847AF0B1}</UniqueIdentifier>
    </Filter>
    <Filter Include="PLY">
      <UniqueIdentifier>{28B00361-39AB-3E80-B098-74C24BAFB31A}</UniqueIdentifier>
    </Filter>
    <Filter Include="Poly2Tri">
      <UniqueIdentifier>{B63E1D8A-383A-354D-8872-DFF39BA9E14F}</UniqueIdentifier>
    </Filter>
    <Filter Include="PostProcessing">
      <UniqueIdentifier>{C90ED2FA-B423-38FA-B415-0E208B877400}</UniqueIdentifier>
    </Filter>
    <Filter Include="Q3BSP">
      <UniqueIdentifier>{BDC807A4-0BBF-3581-A039-ACE74956E34A}</UniqueIdentifier>
    </Filter>
    <Filter Include="Q3D">
      <UniqueIdentifier>{228EBF17-3FA7-3E2F-AA6E-21A1CC23E829}</UniqueIdentifier>
    </Filter>
    <Filter Include="RAW">
      <UniqueIdentifier>{51C5EDB3-0B44-3DF7-BA1A-52BF2E094A8B}</UniqueIdentifier>
    </Filter>
    <Filter Include="SIB">
      <UniqueIdentifier>{C64FCF1D-C475-33FF-A890-EAE83ACF8795}</UniqueIdentifier>
    </Filter>
    <Filter Include="SMD">
      <UniqueIdentifier>{B0C6CDFC-06BD-314D-82E0-4D4B0222C9F9}</UniqueIdentifier>
    </Filter>
    <Filter Include="STL">
      <UniqueIdentifier>{B9660505-246C-33DF-8984-0DF7188CEA50}</UniqueIdentifier>
    </Filter>
    <Filter Include="Source Files">
      <UniqueIdentifier>{A26E8B21-160A-3F2D-80E3-5BA891F6F84B}</UniqueIdentifier>
    </Filter>
    <Filter Include="Step">
      <UniqueIdentifier>{36DF84E8-55E1-3BEE-BE7E-B1344591C98E}</UniqueIdentifier>
    </Filter>
    <Filter Include="TERRAGEN">
      <UniqueIdentifier>{AD47D2C4-BE16-3752-BD11-D4FEB68BD884}</UniqueIdentifier>
    </Filter>
    <Filter Include="X">
      <UniqueIdentifier>{DE5920FA-BD8C-3B39-8AC8-8DF46C37190B}</UniqueIdentifier>
    </Filter>
    <Filter Include="XGL">
      <UniqueIdentifier>{B75BCDD0-5B49-390E-A976-CF5E2BCEF1FF}</UniqueIdentifier>
    </Filter>
    <Filter Include="openddl_parser">
      <UniqueIdentifier>{E19E3BE3-642C-38D3-B925-D4A7287C84FE}</UniqueIdentifier>
    </Filter>
    <Filter Include="unzip">
      <UniqueIdentifier>{924E2AF9-8FAD-3E65-AC9A-3FBD8CB0933F}</UniqueIdentifier>
    </Filter>
  </ItemGroup>
</Project>
