<?xml version="1.0" encoding="utf-8"?>
<Project ToolsVersion="16.0" xmlns="http://schemas.microsoft.com/developer/msbuild/2003">
  <ItemGroup>
    <ClCompile Include="D:\graph\glfw-3.3.8\examples\splitview.c">
      <Filter>Source Files</Filter>
    </ClCompile>
    <ClCompile Include="D:\graph\glfw-3.3.8\deps\glad_gl.c">
      <Filter>Source Files</Filter>
    </ClCompile>
  </ItemGroup>
  <ItemGroup>
    <ClInclude Include="D:\graph\glfw-3.3.8\deps\glad\gl.h">
      <Filter>Header Files</Filter>
    </ClInclude>
  </ItemGroup>
  <ItemGroup>
    <CustomBuild Include="D:\graph\glfw-3.3.8\examples\CMakeLists.txt" />
  </ItemGroup>
  <ItemGroup>
    <ResourceCompile Include="D:\graph\glfw-3.3.8\examples\glfw.rc">
      <Filter>Source Files</Filter>
    </ResourceCompile>
  </ItemGroup>
  <ItemGroup>
    <Filter Include="Header Files">
      <UniqueIdentifier>{F6A04D84-3318-3D68-94B3-C8F8B47B1226}</UniqueIdentifier>
    </Filter>
    <Filter Include="Source Files">
      <UniqueIdentifier>{A488DD32-2DB0-386F-8E1A-4E69AB2C122D}</UniqueIdentifier>
    </Filter>
  </ItemGroup>
</Project>
